
Microsoft Visual Studio Solution File, Format Version 12.00
# Visual Studio Version 17
VisualStudioVersion = 17.2.32210.308
MinimumVisualStudioVersion = 10.0.40219.1
Project("{9A19103F-16F7-4668-BE54-9A1E7A4F7556}") = "Blauhaus.Analytics.Abstractions", "Blauhaus.Analytics.Abstractions\Blauhaus.Analytics.Abstractions.csproj", "{8D5641CB-7191-4A32-BBB9-99A1AAE630F8}"
EndProject
Project("{9A19103F-16F7-4668-BE54-9A1E7A4F7556}") = "Blauhaus.Analytics.Xamarin", "Blauhaus.Analytics.Xamarin\Blauhaus.Analytics.Xamarin.csproj", "{739B0DB7-C5DB-47F2-8BD2-A8CAEEAEFEF2}"
EndProject
Project("{9A19103F-16F7-4668-BE54-9A1E7A4F7556}") = "Blauhaus.Analytics.AspNetCore", "Blauhaus.Analytics.AspNetCore\Blauhaus.Analytics.AspNetCore.csproj", "{B64A36EC-E93C-4E45-A886-4FF527FD24AD}"
EndProject
Project("{9A19103F-16F7-4668-BE54-9A1E7A4F7556}") = "Blauhaus.Analytics.Tests", "Blauhaus.Analytics.Tests\Blauhaus.Analytics.Tests.csproj", "{4667D1C5-BC5F-42B4-B1D6-C2D6A89FF293}"
EndProject
Project("{9A19103F-16F7-4668-BE54-9A1E7A4F7556}") = "Blauhaus.Analytics.Console", "Blauhaus.Analytics.Console\Blauhaus.Analytics.Console.csproj", "{FA30529B-BAB0-46E2-B050-AD6C025E14CF}"
EndProject
Project("{9A19103F-16F7-4668-BE54-9A1E7A4F7556}") = "Blauhaus.Analytics.Common", "Blauhaus.Analytics.Common\Blauhaus.Analytics.Common.csproj", "{1C6094CB-EFA2-46F8-B79C-ADAF7716B213}"
EndProject
Project("{2150E333-8FDC-42A3-9474-1A3956D46DE8}") = "Solution Items", "Solution Items", "{961727B8-48A9-4F54-9BDB-A803D8AC6243}"
	ProjectSection(SolutionItems) = preProject
		..\.github\workflows\blauhaus.yml = ..\.github\workflows\blauhaus.yml
	EndProjectSection
EndProject
Project("{9A19103F-16F7-4668-BE54-9A1E7A4F7556}") = "Blauhaus.Analytics.TestHelpers", "Blauhaus.Analytics.TestHelpers\Blauhaus.Analytics.TestHelpers.csproj", "{D0F13289-714A-491A-B839-2B37707CFE43}"
EndProject
Project("{9A19103F-16F7-4668-BE54-9A1E7A4F7556}") = "Blauhaus.Analytics.Orleans", "Blauhaus.Analytics.Orleans\Blauhaus.Analytics.Orleans.csproj", "{B41E1145-FCB7-4F14-88BB-32A3C5698D13}"
EndProject
Project("{9A19103F-16F7-4668-BE54-9A1E7A4F7556}") = "Blauhaus.Analytics.Xamarin.AppCenter", "Blauhaus.Analytics.Xamarin.AppCenter\Blauhaus.Analytics.Xamarin.AppCenter.csproj", "{FAF78202-823C-4C05-9F99-F4F5C02194F7}"
EndProject
Project("{9A19103F-16F7-4668-BE54-9A1E7A4F7556}") = "Blauhaus.Analytics.ILogger", "Blauhaus.Analytics.ILogger\Blauhaus.Analytics.ILogger.csproj", "{311DA8F3-1636-412F-A897-1B900E6636B4}"
EndProject
Project("{9A19103F-16F7-4668-BE54-9A1E7A4F7556}") = "Blauhaus.Analytics.Serilog", "Blauhaus.Analytics.Serilog\Blauhaus.Analytics.Serilog.csproj", "{B136173F-7D5B-4363-A264-041E44607FBD}"
EndProject
Project("{9A19103F-16F7-4668-BE54-9A1E7A4F7556}") = "Blauhaus.Analytics.Serilog.AspNetCore", "Blauhaus.Analytics.Serilog.AspNetCore\Blauhaus.Analytics.Serilog.AspNetCore.csproj", "{F65C90D5-6B36-44A6-885E-488BEA54CBD6}"
EndProject
Project("{9A19103F-16F7-4668-BE54-9A1E7A4F7556}") = "Blauhaus.Analytics.Serilog.Orleans", "Blauhaus.Analytics.Serilog.Orleans\Blauhaus.Analytics.Serilog.Orleans.csproj", "{7625FE44-0F73-4214-A870-48401FF47531}"
EndProject
Project("{9A19103F-16F7-4668-BE54-9A1E7A4F7556}") = "Blauhaus.Analytics.Serilog.Maui", "Blauhaus.Analytics.Serilog.Maui\Blauhaus.Analytics.Serilog.Maui.csproj", "{A3B0BEBF-A07D-46B8-B373-1CD77243E92A}"
EndProject
Project("{FAE04EC0-301F-11D3-BF4B-00C04F79EFBC}") = "Blauhaus.Analytics.Serilog.ApplicationInsights", "Blauhaus.Analytics.Serilog.ApplicationInsights\Blauhaus.Analytics.Serilog.ApplicationInsights.csproj", "{CA5A59D9-C379-4FDE-AA0A-F407674EBE91}"
EndProject
Global
	GlobalSection(SolutionConfigurationPlatforms) = preSolution
		Ad-Hoc|Any CPU = Ad-Hoc|Any CPU
		Ad-Hoc|ARM = Ad-Hoc|ARM
		Ad-Hoc|iPhone = Ad-Hoc|iPhone
		Ad-Hoc|iPhoneSimulator = Ad-Hoc|iPhoneSimulator
		Ad-Hoc|x64 = Ad-Hoc|x64
		Ad-Hoc|x86 = Ad-Hoc|x86
		AppStore|Any CPU = AppStore|Any CPU
		AppStore|ARM = AppStore|ARM
		AppStore|iPhone = AppStore|iPhone
		AppStore|iPhoneSimulator = AppStore|iPhoneSimulator
		AppStore|x64 = AppStore|x64
		AppStore|x86 = AppStore|x86
		Debug|Any CPU = Debug|Any CPU
		Debug|ARM = Debug|ARM
		Debug|iPhone = Debug|iPhone
		Debug|iPhoneSimulator = Debug|iPhoneSimulator
		Debug|x64 = Debug|x64
		Debug|x86 = Debug|x86
		Release|Any CPU = Release|Any CPU
		Release|ARM = Release|ARM
		Release|iPhone = Release|iPhone
		Release|iPhoneSimulator = Release|iPhoneSimulator
		Release|x64 = Release|x64
		Release|x86 = Release|x86
	EndGlobalSection
	GlobalSection(ProjectConfigurationPlatforms) = postSolution
		{8D5641CB-7191-4A32-BBB9-99A1AAE630F8}.Ad-Hoc|Any CPU.ActiveCfg = Release|Any CPU
		{8D5641CB-7191-4A32-BBB9-99A1AAE630F8}.Ad-Hoc|Any CPU.Build.0 = Release|Any CPU
		{8D5641CB-7191-4A32-BBB9-99A1AAE630F8}.Ad-Hoc|ARM.ActiveCfg = Release|Any CPU
		{8D5641CB-7191-4A32-BBB9-99A1AAE630F8}.Ad-Hoc|ARM.Build.0 = Release|Any CPU
		{8D5641CB-7191-4A32-BBB9-99A1AAE630F8}.Ad-Hoc|iPhone.ActiveCfg = Release|Any CPU
		{8D5641CB-7191-4A32-BBB9-99A1AAE630F8}.Ad-Hoc|iPhone.Build.0 = Release|Any CPU
		{8D5641CB-7191-4A32-BBB9-99A1AAE630F8}.Ad-Hoc|iPhoneSimulator.ActiveCfg = Release|Any CPU
		{8D5641CB-7191-4A32-BBB9-99A1AAE630F8}.Ad-Hoc|iPhoneSimulator.Build.0 = Release|Any CPU
		{8D5641CB-7191-4A32-BBB9-99A1AAE630F8}.Ad-Hoc|x64.ActiveCfg = Release|Any CPU
		{8D5641CB-7191-4A32-BBB9-99A1AAE630F8}.Ad-Hoc|x64.Build.0 = Release|Any CPU
		{8D5641CB-7191-4A32-BBB9-99A1AAE630F8}.Ad-Hoc|x86.ActiveCfg = Release|Any CPU
		{8D5641CB-7191-4A32-BBB9-99A1AAE630F8}.Ad-Hoc|x86.Build.0 = Release|Any CPU
		{8D5641CB-7191-4A32-BBB9-99A1AAE630F8}.AppStore|Any CPU.ActiveCfg = Release|Any CPU
		{8D5641CB-7191-4A32-BBB9-99A1AAE630F8}.AppStore|Any CPU.Build.0 = Release|Any CPU
		{8D5641CB-7191-4A32-BBB9-99A1AAE630F8}.AppStore|ARM.ActiveCfg = Release|Any CPU
		{8D5641CB-7191-4A32-BBB9-99A1AAE630F8}.AppStore|ARM.Build.0 = Release|Any CPU
		{8D5641CB-7191-4A32-BBB9-99A1AAE630F8}.AppStore|iPhone.ActiveCfg = Release|Any CPU
		{8D5641CB-7191-4A32-BBB9-99A1AAE630F8}.AppStore|iPhone.Build.0 = Release|Any CPU
		{8D5641CB-7191-4A32-BBB9-99A1AAE630F8}.AppStore|iPhoneSimulator.ActiveCfg = Release|Any CPU
		{8D5641CB-7191-4A32-BBB9-99A1AAE630F8}.AppStore|iPhoneSimulator.Build.0 = Release|Any CPU
		{8D5641CB-7191-4A32-BBB9-99A1AAE630F8}.AppStore|x64.ActiveCfg = Release|Any CPU
		{8D5641CB-7191-4A32-BBB9-99A1AAE630F8}.AppStore|x64.Build.0 = Release|Any CPU
		{8D5641CB-7191-4A32-BBB9-99A1AAE630F8}.AppStore|x86.ActiveCfg = Release|Any CPU
		{8D5641CB-7191-4A32-BBB9-99A1AAE630F8}.AppStore|x86.Build.0 = Release|Any CPU
		{8D5641CB-7191-4A32-BBB9-99A1AAE630F8}.Debug|Any CPU.ActiveCfg = Debug|Any CPU
		{8D5641CB-7191-4A32-BBB9-99A1AAE630F8}.Debug|Any CPU.Build.0 = Debug|Any CPU
		{8D5641CB-7191-4A32-BBB9-99A1AAE630F8}.Debug|ARM.ActiveCfg = Debug|Any CPU
		{8D5641CB-7191-4A32-BBB9-99A1AAE630F8}.Debug|ARM.Build.0 = Debug|Any CPU
		{8D5641CB-7191-4A32-BBB9-99A1AAE630F8}.Debug|iPhone.ActiveCfg = Debug|Any CPU
		{8D5641CB-7191-4A32-BBB9-99A1AAE630F8}.Debug|iPhone.Build.0 = Debug|Any CPU
		{8D5641CB-7191-4A32-BBB9-99A1AAE630F8}.Debug|iPhoneSimulator.ActiveCfg = Debug|Any CPU
		{8D5641CB-7191-4A32-BBB9-99A1AAE630F8}.Debug|iPhoneSimulator.Build.0 = Debug|Any CPU
		{8D5641CB-7191-4A32-BBB9-99A1AAE630F8}.Debug|x64.ActiveCfg = Debug|Any CPU
		{8D5641CB-7191-4A32-BBB9-99A1AAE630F8}.Debug|x64.Build.0 = Debug|Any CPU
		{8D5641CB-7191-4A32-BBB9-99A1AAE630F8}.Debug|x86.ActiveCfg = Debug|Any CPU
		{8D5641CB-7191-4A32-BBB9-99A1AAE630F8}.Debug|x86.Build.0 = Debug|Any CPU
		{8D5641CB-7191-4A32-BBB9-99A1AAE630F8}.Release|Any CPU.ActiveCfg = Release|Any CPU
		{8D5641CB-7191-4A32-BBB9-99A1AAE630F8}.Release|Any CPU.Build.0 = Release|Any CPU
		{8D5641CB-7191-4A32-BBB9-99A1AAE630F8}.Release|ARM.ActiveCfg = Release|Any CPU
		{8D5641CB-7191-4A32-BBB9-99A1AAE630F8}.Release|ARM.Build.0 = Release|Any CPU
		{8D5641CB-7191-4A32-BBB9-99A1AAE630F8}.Release|iPhone.ActiveCfg = Release|Any CPU
		{8D5641CB-7191-4A32-BBB9-99A1AAE630F8}.Release|iPhone.Build.0 = Release|Any CPU
		{8D5641CB-7191-4A32-BBB9-99A1AAE630F8}.Release|iPhoneSimulator.ActiveCfg = Release|Any CPU
		{8D5641CB-7191-4A32-BBB9-99A1AAE630F8}.Release|iPhoneSimulator.Build.0 = Release|Any CPU
		{8D5641CB-7191-4A32-BBB9-99A1AAE630F8}.Release|x64.ActiveCfg = Release|Any CPU
		{8D5641CB-7191-4A32-BBB9-99A1AAE630F8}.Release|x64.Build.0 = Release|Any CPU
		{8D5641CB-7191-4A32-BBB9-99A1AAE630F8}.Release|x86.ActiveCfg = Release|Any CPU
		{8D5641CB-7191-4A32-BBB9-99A1AAE630F8}.Release|x86.Build.0 = Release|Any CPU
		{739B0DB7-C5DB-47F2-8BD2-A8CAEEAEFEF2}.Ad-Hoc|Any CPU.ActiveCfg = Release|Any CPU
		{739B0DB7-C5DB-47F2-8BD2-A8CAEEAEFEF2}.Ad-Hoc|Any CPU.Build.0 = Release|Any CPU
		{739B0DB7-C5DB-47F2-8BD2-A8CAEEAEFEF2}.Ad-Hoc|ARM.ActiveCfg = Release|Any CPU
		{739B0DB7-C5DB-47F2-8BD2-A8CAEEAEFEF2}.Ad-Hoc|ARM.Build.0 = Release|Any CPU
		{739B0DB7-C5DB-47F2-8BD2-A8CAEEAEFEF2}.Ad-Hoc|iPhone.ActiveCfg = Release|Any CPU
		{739B0DB7-C5DB-47F2-8BD2-A8CAEEAEFEF2}.Ad-Hoc|iPhone.Build.0 = Release|Any CPU
		{739B0DB7-C5DB-47F2-8BD2-A8CAEEAEFEF2}.Ad-Hoc|iPhoneSimulator.ActiveCfg = Release|Any CPU
		{739B0DB7-C5DB-47F2-8BD2-A8CAEEAEFEF2}.Ad-Hoc|iPhoneSimulator.Build.0 = Release|Any CPU
		{739B0DB7-C5DB-47F2-8BD2-A8CAEEAEFEF2}.Ad-Hoc|x64.ActiveCfg = Release|Any CPU
		{739B0DB7-C5DB-47F2-8BD2-A8CAEEAEFEF2}.Ad-Hoc|x64.Build.0 = Release|Any CPU
		{739B0DB7-C5DB-47F2-8BD2-A8CAEEAEFEF2}.Ad-Hoc|x86.ActiveCfg = Release|Any CPU
		{739B0DB7-C5DB-47F2-8BD2-A8CAEEAEFEF2}.Ad-Hoc|x86.Build.0 = Release|Any CPU
		{739B0DB7-C5DB-47F2-8BD2-A8CAEEAEFEF2}.AppStore|Any CPU.ActiveCfg = Release|Any CPU
		{739B0DB7-C5DB-47F2-8BD2-A8CAEEAEFEF2}.AppStore|Any CPU.Build.0 = Release|Any CPU
		{739B0DB7-C5DB-47F2-8BD2-A8CAEEAEFEF2}.AppStore|ARM.ActiveCfg = Release|Any CPU
		{739B0DB7-C5DB-47F2-8BD2-A8CAEEAEFEF2}.AppStore|ARM.Build.0 = Release|Any CPU
		{739B0DB7-C5DB-47F2-8BD2-A8CAEEAEFEF2}.AppStore|iPhone.ActiveCfg = Release|Any CPU
		{739B0DB7-C5DB-47F2-8BD2-A8CAEEAEFEF2}.AppStore|iPhone.Build.0 = Release|Any CPU
		{739B0DB7-C5DB-47F2-8BD2-A8CAEEAEFEF2}.AppStore|iPhoneSimulator.ActiveCfg = Release|Any CPU
		{739B0DB7-C5DB-47F2-8BD2-A8CAEEAEFEF2}.AppStore|iPhoneSimulator.Build.0 = Release|Any CPU
		{739B0DB7-C5DB-47F2-8BD2-A8CAEEAEFEF2}.AppStore|x64.ActiveCfg = Release|Any CPU
		{739B0DB7-C5DB-47F2-8BD2-A8CAEEAEFEF2}.AppStore|x64.Build.0 = Release|Any CPU
		{739B0DB7-C5DB-47F2-8BD2-A8CAEEAEFEF2}.AppStore|x86.ActiveCfg = Release|Any CPU
		{739B0DB7-C5DB-47F2-8BD2-A8CAEEAEFEF2}.AppStore|x86.Build.0 = Release|Any CPU
		{739B0DB7-C5DB-47F2-8BD2-A8CAEEAEFEF2}.Debug|Any CPU.ActiveCfg = Debug|Any CPU
		{739B0DB7-C5DB-47F2-8BD2-A8CAEEAEFEF2}.Debug|Any CPU.Build.0 = Debug|Any CPU
		{739B0DB7-C5DB-47F2-8BD2-A8CAEEAEFEF2}.Debug|ARM.ActiveCfg = Debug|Any CPU
		{739B0DB7-C5DB-47F2-8BD2-A8CAEEAEFEF2}.Debug|ARM.Build.0 = Debug|Any CPU
		{739B0DB7-C5DB-47F2-8BD2-A8CAEEAEFEF2}.Debug|iPhone.ActiveCfg = Debug|Any CPU
		{739B0DB7-C5DB-47F2-8BD2-A8CAEEAEFEF2}.Debug|iPhone.Build.0 = Debug|Any CPU
		{739B0DB7-C5DB-47F2-8BD2-A8CAEEAEFEF2}.Debug|iPhoneSimulator.ActiveCfg = Debug|Any CPU
		{739B0DB7-C5DB-47F2-8BD2-A8CAEEAEFEF2}.Debug|iPhoneSimulator.Build.0 = Debug|Any CPU
		{739B0DB7-C5DB-47F2-8BD2-A8CAEEAEFEF2}.Debug|x64.ActiveCfg = Debug|Any CPU
		{739B0DB7-C5DB-47F2-8BD2-A8CAEEAEFEF2}.Debug|x64.Build.0 = Debug|Any CPU
		{739B0DB7-C5DB-47F2-8BD2-A8CAEEAEFEF2}.Debug|x86.ActiveCfg = Debug|Any CPU
		{739B0DB7-C5DB-47F2-8BD2-A8CAEEAEFEF2}.Debug|x86.Build.0 = Debug|Any CPU
		{739B0DB7-C5DB-47F2-8BD2-A8CAEEAEFEF2}.Release|Any CPU.ActiveCfg = Release|Any CPU
		{739B0DB7-C5DB-47F2-8BD2-A8CAEEAEFEF2}.Release|Any CPU.Build.0 = Release|Any CPU
		{739B0DB7-C5DB-47F2-8BD2-A8CAEEAEFEF2}.Release|ARM.ActiveCfg = Release|Any CPU
		{739B0DB7-C5DB-47F2-8BD2-A8CAEEAEFEF2}.Release|ARM.Build.0 = Release|Any CPU
		{739B0DB7-C5DB-47F2-8BD2-A8CAEEAEFEF2}.Release|iPhone.ActiveCfg = Release|Any CPU
		{739B0DB7-C5DB-47F2-8BD2-A8CAEEAEFEF2}.Release|iPhone.Build.0 = Release|Any CPU
		{739B0DB7-C5DB-47F2-8BD2-A8CAEEAEFEF2}.Release|iPhoneSimulator.ActiveCfg = Release|Any CPU
		{739B0DB7-C5DB-47F2-8BD2-A8CAEEAEFEF2}.Release|iPhoneSimulator.Build.0 = Release|Any CPU
		{739B0DB7-C5DB-47F2-8BD2-A8CAEEAEFEF2}.Release|x64.ActiveCfg = Release|Any CPU
		{739B0DB7-C5DB-47F2-8BD2-A8CAEEAEFEF2}.Release|x64.Build.0 = Release|Any CPU
		{739B0DB7-C5DB-47F2-8BD2-A8CAEEAEFEF2}.Release|x86.ActiveCfg = Release|Any CPU
		{739B0DB7-C5DB-47F2-8BD2-A8CAEEAEFEF2}.Release|x86.Build.0 = Release|Any CPU
		{B64A36EC-E93C-4E45-A886-4FF527FD24AD}.Ad-Hoc|Any CPU.ActiveCfg = Release|Any CPU
		{B64A36EC-E93C-4E45-A886-4FF527FD24AD}.Ad-Hoc|Any CPU.Build.0 = Release|Any CPU
		{B64A36EC-E93C-4E45-A886-4FF527FD24AD}.Ad-Hoc|ARM.ActiveCfg = Release|Any CPU
		{B64A36EC-E93C-4E45-A886-4FF527FD24AD}.Ad-Hoc|ARM.Build.0 = Release|Any CPU
		{B64A36EC-E93C-4E45-A886-4FF527FD24AD}.Ad-Hoc|iPhone.ActiveCfg = Release|Any CPU
		{B64A36EC-E93C-4E45-A886-4FF527FD24AD}.Ad-Hoc|iPhone.Build.0 = Release|Any CPU
		{B64A36EC-E93C-4E45-A886-4FF527FD24AD}.Ad-Hoc|iPhoneSimulator.ActiveCfg = Release|Any CPU
		{B64A36EC-E93C-4E45-A886-4FF527FD24AD}.Ad-Hoc|iPhoneSimulator.Build.0 = Release|Any CPU
		{B64A36EC-E93C-4E45-A886-4FF527FD24AD}.Ad-Hoc|x64.ActiveCfg = Release|Any CPU
		{B64A36EC-E93C-4E45-A886-4FF527FD24AD}.Ad-Hoc|x64.Build.0 = Release|Any CPU
		{B64A36EC-E93C-4E45-A886-4FF527FD24AD}.Ad-Hoc|x86.ActiveCfg = Release|Any CPU
		{B64A36EC-E93C-4E45-A886-4FF527FD24AD}.Ad-Hoc|x86.Build.0 = Release|Any CPU
		{B64A36EC-E93C-4E45-A886-4FF527FD24AD}.AppStore|Any CPU.ActiveCfg = Release|Any CPU
		{B64A36EC-E93C-4E45-A886-4FF527FD24AD}.AppStore|Any CPU.Build.0 = Release|Any CPU
		{B64A36EC-E93C-4E45-A886-4FF527FD24AD}.AppStore|ARM.ActiveCfg = Release|Any CPU
		{B64A36EC-E93C-4E45-A886-4FF527FD24AD}.AppStore|ARM.Build.0 = Release|Any CPU
		{B64A36EC-E93C-4E45-A886-4FF527FD24AD}.AppStore|iPhone.ActiveCfg = Release|Any CPU
		{B64A36EC-E93C-4E45-A886-4FF527FD24AD}.AppStore|iPhone.Build.0 = Release|Any CPU
		{B64A36EC-E93C-4E45-A886-4FF527FD24AD}.AppStore|iPhoneSimulator.ActiveCfg = Release|Any CPU
		{B64A36EC-E93C-4E45-A886-4FF527FD24AD}.AppStore|iPhoneSimulator.Build.0 = Release|Any CPU
		{B64A36EC-E93C-4E45-A886-4FF527FD24AD}.AppStore|x64.ActiveCfg = Release|Any CPU
		{B64A36EC-E93C-4E45-A886-4FF527FD24AD}.AppStore|x64.Build.0 = Release|Any CPU
		{B64A36EC-E93C-4E45-A886-4FF527FD24AD}.AppStore|x86.ActiveCfg = Release|Any CPU
		{B64A36EC-E93C-4E45-A886-4FF527FD24AD}.AppStore|x86.Build.0 = Release|Any CPU
		{B64A36EC-E93C-4E45-A886-4FF527FD24AD}.Debug|Any CPU.ActiveCfg = Debug|Any CPU
		{B64A36EC-E93C-4E45-A886-4FF527FD24AD}.Debug|Any CPU.Build.0 = Debug|Any CPU
		{B64A36EC-E93C-4E45-A886-4FF527FD24AD}.Debug|ARM.ActiveCfg = Debug|Any CPU
		{B64A36EC-E93C-4E45-A886-4FF527FD24AD}.Debug|ARM.Build.0 = Debug|Any CPU
		{B64A36EC-E93C-4E45-A886-4FF527FD24AD}.Debug|iPhone.ActiveCfg = Debug|Any CPU
		{B64A36EC-E93C-4E45-A886-4FF527FD24AD}.Debug|iPhone.Build.0 = Debug|Any CPU
		{B64A36EC-E93C-4E45-A886-4FF527FD24AD}.Debug|iPhoneSimulator.ActiveCfg = Debug|Any CPU
		{B64A36EC-E93C-4E45-A886-4FF527FD24AD}.Debug|iPhoneSimulator.Build.0 = Debug|Any CPU
		{B64A36EC-E93C-4E45-A886-4FF527FD24AD}.Debug|x64.ActiveCfg = Debug|Any CPU
		{B64A36EC-E93C-4E45-A886-4FF527FD24AD}.Debug|x64.Build.0 = Debug|Any CPU
		{B64A36EC-E93C-4E45-A886-4FF527FD24AD}.Debug|x86.ActiveCfg = Debug|Any CPU
		{B64A36EC-E93C-4E45-A886-4FF527FD24AD}.Debug|x86.Build.0 = Debug|Any CPU
		{B64A36EC-E93C-4E45-A886-4FF527FD24AD}.Release|Any CPU.ActiveCfg = Release|Any CPU
		{B64A36EC-E93C-4E45-A886-4FF527FD24AD}.Release|Any CPU.Build.0 = Release|Any CPU
		{B64A36EC-E93C-4E45-A886-4FF527FD24AD}.Release|ARM.ActiveCfg = Release|Any CPU
		{B64A36EC-E93C-4E45-A886-4FF527FD24AD}.Release|ARM.Build.0 = Release|Any CPU
		{B64A36EC-E93C-4E45-A886-4FF527FD24AD}.Release|iPhone.ActiveCfg = Release|Any CPU
		{B64A36EC-E93C-4E45-A886-4FF527FD24AD}.Release|iPhone.Build.0 = Release|Any CPU
		{B64A36EC-E93C-4E45-A886-4FF527FD24AD}.Release|iPhoneSimulator.ActiveCfg = Release|Any CPU
		{B64A36EC-E93C-4E45-A886-4FF527FD24AD}.Release|iPhoneSimulator.Build.0 = Release|Any CPU
		{B64A36EC-E93C-4E45-A886-4FF527FD24AD}.Release|x64.ActiveCfg = Release|Any CPU
		{B64A36EC-E93C-4E45-A886-4FF527FD24AD}.Release|x64.Build.0 = Release|Any CPU
		{B64A36EC-E93C-4E45-A886-4FF527FD24AD}.Release|x86.ActiveCfg = Release|Any CPU
		{B64A36EC-E93C-4E45-A886-4FF527FD24AD}.Release|x86.Build.0 = Release|Any CPU
		{4667D1C5-BC5F-42B4-B1D6-C2D6A89FF293}.Ad-Hoc|Any CPU.ActiveCfg = Release|Any CPU
		{4667D1C5-BC5F-42B4-B1D6-C2D6A89FF293}.Ad-Hoc|Any CPU.Build.0 = Release|Any CPU
		{4667D1C5-BC5F-42B4-B1D6-C2D6A89FF293}.Ad-Hoc|ARM.ActiveCfg = Release|Any CPU
		{4667D1C5-BC5F-42B4-B1D6-C2D6A89FF293}.Ad-Hoc|ARM.Build.0 = Release|Any CPU
		{4667D1C5-BC5F-42B4-B1D6-C2D6A89FF293}.Ad-Hoc|iPhone.ActiveCfg = Release|Any CPU
		{4667D1C5-BC5F-42B4-B1D6-C2D6A89FF293}.Ad-Hoc|iPhone.Build.0 = Release|Any CPU
		{4667D1C5-BC5F-42B4-B1D6-C2D6A89FF293}.Ad-Hoc|iPhoneSimulator.ActiveCfg = Release|Any CPU
		{4667D1C5-BC5F-42B4-B1D6-C2D6A89FF293}.Ad-Hoc|iPhoneSimulator.Build.0 = Release|Any CPU
		{4667D1C5-BC5F-42B4-B1D6-C2D6A89FF293}.Ad-Hoc|x64.ActiveCfg = Release|Any CPU
		{4667D1C5-BC5F-42B4-B1D6-C2D6A89FF293}.Ad-Hoc|x64.Build.0 = Release|Any CPU
		{4667D1C5-BC5F-42B4-B1D6-C2D6A89FF293}.Ad-Hoc|x86.ActiveCfg = Release|Any CPU
		{4667D1C5-BC5F-42B4-B1D6-C2D6A89FF293}.Ad-Hoc|x86.Build.0 = Release|Any CPU
		{4667D1C5-BC5F-42B4-B1D6-C2D6A89FF293}.AppStore|Any CPU.ActiveCfg = Release|Any CPU
		{4667D1C5-BC5F-42B4-B1D6-C2D6A89FF293}.AppStore|Any CPU.Build.0 = Release|Any CPU
		{4667D1C5-BC5F-42B4-B1D6-C2D6A89FF293}.AppStore|ARM.ActiveCfg = Release|Any CPU
		{4667D1C5-BC5F-42B4-B1D6-C2D6A89FF293}.AppStore|ARM.Build.0 = Release|Any CPU
		{4667D1C5-BC5F-42B4-B1D6-C2D6A89FF293}.AppStore|iPhone.ActiveCfg = Release|Any CPU
		{4667D1C5-BC5F-42B4-B1D6-C2D6A89FF293}.AppStore|iPhone.Build.0 = Release|Any CPU
		{4667D1C5-BC5F-42B4-B1D6-C2D6A89FF293}.AppStore|iPhoneSimulator.ActiveCfg = Release|Any CPU
		{4667D1C5-BC5F-42B4-B1D6-C2D6A89FF293}.AppStore|iPhoneSimulator.Build.0 = Release|Any CPU
		{4667D1C5-BC5F-42B4-B1D6-C2D6A89FF293}.AppStore|x64.ActiveCfg = Release|Any CPU
		{4667D1C5-BC5F-42B4-B1D6-C2D6A89FF293}.AppStore|x64.Build.0 = Release|Any CPU
		{4667D1C5-BC5F-42B4-B1D6-C2D6A89FF293}.AppStore|x86.ActiveCfg = Release|Any CPU
		{4667D1C5-BC5F-42B4-B1D6-C2D6A89FF293}.AppStore|x86.Build.0 = Release|Any CPU
		{4667D1C5-BC5F-42B4-B1D6-C2D6A89FF293}.Debug|Any CPU.ActiveCfg = Debug|Any CPU
		{4667D1C5-BC5F-42B4-B1D6-C2D6A89FF293}.Debug|Any CPU.Build.0 = Debug|Any CPU
		{4667D1C5-BC5F-42B4-B1D6-C2D6A89FF293}.Debug|ARM.ActiveCfg = Debug|Any CPU
		{4667D1C5-BC5F-42B4-B1D6-C2D6A89FF293}.Debug|ARM.Build.0 = Debug|Any CPU
		{4667D1C5-BC5F-42B4-B1D6-C2D6A89FF293}.Debug|iPhone.ActiveCfg = Debug|Any CPU
		{4667D1C5-BC5F-42B4-B1D6-C2D6A89FF293}.Debug|iPhone.Build.0 = Debug|Any CPU
		{4667D1C5-BC5F-42B4-B1D6-C2D6A89FF293}.Debug|iPhoneSimulator.ActiveCfg = Debug|Any CPU
		{4667D1C5-BC5F-42B4-B1D6-C2D6A89FF293}.Debug|iPhoneSimulator.Build.0 = Debug|Any CPU
		{4667D1C5-BC5F-42B4-B1D6-C2D6A89FF293}.Debug|x64.ActiveCfg = Debug|Any CPU
		{4667D1C5-BC5F-42B4-B1D6-C2D6A89FF293}.Debug|x64.Build.0 = Debug|Any CPU
		{4667D1C5-BC5F-42B4-B1D6-C2D6A89FF293}.Debug|x86.ActiveCfg = Debug|Any CPU
		{4667D1C5-BC5F-42B4-B1D6-C2D6A89FF293}.Debug|x86.Build.0 = Debug|Any CPU
		{4667D1C5-BC5F-42B4-B1D6-C2D6A89FF293}.Release|Any CPU.ActiveCfg = Release|Any CPU
		{4667D1C5-BC5F-42B4-B1D6-C2D6A89FF293}.Release|Any CPU.Build.0 = Release|Any CPU
		{4667D1C5-BC5F-42B4-B1D6-C2D6A89FF293}.Release|ARM.ActiveCfg = Release|Any CPU
		{4667D1C5-BC5F-42B4-B1D6-C2D6A89FF293}.Release|ARM.Build.0 = Release|Any CPU
		{4667D1C5-BC5F-42B4-B1D6-C2D6A89FF293}.Release|iPhone.ActiveCfg = Release|Any CPU
		{4667D1C5-BC5F-42B4-B1D6-C2D6A89FF293}.Release|iPhone.Build.0 = Release|Any CPU
		{4667D1C5-BC5F-42B4-B1D6-C2D6A89FF293}.Release|iPhoneSimulator.ActiveCfg = Release|Any CPU
		{4667D1C5-BC5F-42B4-B1D6-C2D6A89FF293}.Release|iPhoneSimulator.Build.0 = Release|Any CPU
		{4667D1C5-BC5F-42B4-B1D6-C2D6A89FF293}.Release|x64.ActiveCfg = Release|Any CPU
		{4667D1C5-BC5F-42B4-B1D6-C2D6A89FF293}.Release|x64.Build.0 = Release|Any CPU
		{4667D1C5-BC5F-42B4-B1D6-C2D6A89FF293}.Release|x86.ActiveCfg = Release|Any CPU
		{4667D1C5-BC5F-42B4-B1D6-C2D6A89FF293}.Release|x86.Build.0 = Release|Any CPU
		{FA30529B-BAB0-46E2-B050-AD6C025E14CF}.Ad-Hoc|Any CPU.ActiveCfg = Release|Any CPU
		{FA30529B-BAB0-46E2-B050-AD6C025E14CF}.Ad-Hoc|Any CPU.Build.0 = Release|Any CPU
		{FA30529B-BAB0-46E2-B050-AD6C025E14CF}.Ad-Hoc|ARM.ActiveCfg = Release|Any CPU
		{FA30529B-BAB0-46E2-B050-AD6C025E14CF}.Ad-Hoc|ARM.Build.0 = Release|Any CPU
		{FA30529B-BAB0-46E2-B050-AD6C025E14CF}.Ad-Hoc|iPhone.ActiveCfg = Release|Any CPU
		{FA30529B-BAB0-46E2-B050-AD6C025E14CF}.Ad-Hoc|iPhone.Build.0 = Release|Any CPU
		{FA30529B-BAB0-46E2-B050-AD6C025E14CF}.Ad-Hoc|iPhoneSimulator.ActiveCfg = Release|Any CPU
		{FA30529B-BAB0-46E2-B050-AD6C025E14CF}.Ad-Hoc|iPhoneSimulator.Build.0 = Release|Any CPU
		{FA30529B-BAB0-46E2-B050-AD6C025E14CF}.Ad-Hoc|x64.ActiveCfg = Release|Any CPU
		{FA30529B-BAB0-46E2-B050-AD6C025E14CF}.Ad-Hoc|x64.Build.0 = Release|Any CPU
		{FA30529B-BAB0-46E2-B050-AD6C025E14CF}.Ad-Hoc|x86.ActiveCfg = Release|Any CPU
		{FA30529B-BAB0-46E2-B050-AD6C025E14CF}.Ad-Hoc|x86.Build.0 = Release|Any CPU
		{FA30529B-BAB0-46E2-B050-AD6C025E14CF}.AppStore|Any CPU.ActiveCfg = Release|Any CPU
		{FA30529B-BAB0-46E2-B050-AD6C025E14CF}.AppStore|Any CPU.Build.0 = Release|Any CPU
		{FA30529B-BAB0-46E2-B050-AD6C025E14CF}.AppStore|ARM.ActiveCfg = Release|Any CPU
		{FA30529B-BAB0-46E2-B050-AD6C025E14CF}.AppStore|ARM.Build.0 = Release|Any CPU
		{FA30529B-BAB0-46E2-B050-AD6C025E14CF}.AppStore|iPhone.ActiveCfg = Release|Any CPU
		{FA30529B-BAB0-46E2-B050-AD6C025E14CF}.AppStore|iPhone.Build.0 = Release|Any CPU
		{FA30529B-BAB0-46E2-B050-AD6C025E14CF}.AppStore|iPhoneSimulator.ActiveCfg = Release|Any CPU
		{FA30529B-BAB0-46E2-B050-AD6C025E14CF}.AppStore|iPhoneSimulator.Build.0 = Release|Any CPU
		{FA30529B-BAB0-46E2-B050-AD6C025E14CF}.AppStore|x64.ActiveCfg = Release|Any CPU
		{FA30529B-BAB0-46E2-B050-AD6C025E14CF}.AppStore|x64.Build.0 = Release|Any CPU
		{FA30529B-BAB0-46E2-B050-AD6C025E14CF}.AppStore|x86.ActiveCfg = Release|Any CPU
		{FA30529B-BAB0-46E2-B050-AD6C025E14CF}.AppStore|x86.Build.0 = Release|Any CPU
		{FA30529B-BAB0-46E2-B050-AD6C025E14CF}.Debug|Any CPU.ActiveCfg = Debug|Any CPU
		{FA30529B-BAB0-46E2-B050-AD6C025E14CF}.Debug|Any CPU.Build.0 = Debug|Any CPU
		{FA30529B-BAB0-46E2-B050-AD6C025E14CF}.Debug|ARM.ActiveCfg = Debug|Any CPU
		{FA30529B-BAB0-46E2-B050-AD6C025E14CF}.Debug|ARM.Build.0 = Debug|Any CPU
		{FA30529B-BAB0-46E2-B050-AD6C025E14CF}.Debug|iPhone.ActiveCfg = Debug|Any CPU
		{FA30529B-BAB0-46E2-B050-AD6C025E14CF}.Debug|iPhone.Build.0 = Debug|Any CPU
		{FA30529B-BAB0-46E2-B050-AD6C025E14CF}.Debug|iPhoneSimulator.ActiveCfg = Debug|Any CPU
		{FA30529B-BAB0-46E2-B050-AD6C025E14CF}.Debug|iPhoneSimulator.Build.0 = Debug|Any CPU
		{FA30529B-BAB0-46E2-B050-AD6C025E14CF}.Debug|x64.ActiveCfg = Debug|Any CPU
		{FA30529B-BAB0-46E2-B050-AD6C025E14CF}.Debug|x64.Build.0 = Debug|Any CPU
		{FA30529B-BAB0-46E2-B050-AD6C025E14CF}.Debug|x86.ActiveCfg = Debug|Any CPU
		{FA30529B-BAB0-46E2-B050-AD6C025E14CF}.Debug|x86.Build.0 = Debug|Any CPU
		{FA30529B-BAB0-46E2-B050-AD6C025E14CF}.Release|Any CPU.ActiveCfg = Release|Any CPU
		{FA30529B-BAB0-46E2-B050-AD6C025E14CF}.Release|Any CPU.Build.0 = Release|Any CPU
		{FA30529B-BAB0-46E2-B050-AD6C025E14CF}.Release|ARM.ActiveCfg = Release|Any CPU
		{FA30529B-BAB0-46E2-B050-AD6C025E14CF}.Release|ARM.Build.0 = Release|Any CPU
		{FA30529B-BAB0-46E2-B050-AD6C025E14CF}.Release|iPhone.ActiveCfg = Release|Any CPU
		{FA30529B-BAB0-46E2-B050-AD6C025E14CF}.Release|iPhone.Build.0 = Release|Any CPU
		{FA30529B-BAB0-46E2-B050-AD6C025E14CF}.Release|iPhoneSimulator.ActiveCfg = Release|Any CPU
		{FA30529B-BAB0-46E2-B050-AD6C025E14CF}.Release|iPhoneSimulator.Build.0 = Release|Any CPU
		{FA30529B-BAB0-46E2-B050-AD6C025E14CF}.Release|x64.ActiveCfg = Release|Any CPU
		{FA30529B-BAB0-46E2-B050-AD6C025E14CF}.Release|x64.Build.0 = Release|Any CPU
		{FA30529B-BAB0-46E2-B050-AD6C025E14CF}.Release|x86.ActiveCfg = Release|Any CPU
		{FA30529B-BAB0-46E2-B050-AD6C025E14CF}.Release|x86.Build.0 = Release|Any CPU
		{1C6094CB-EFA2-46F8-B79C-ADAF7716B213}.Ad-Hoc|Any CPU.ActiveCfg = Release|Any CPU
		{1C6094CB-EFA2-46F8-B79C-ADAF7716B213}.Ad-Hoc|Any CPU.Build.0 = Release|Any CPU
		{1C6094CB-EFA2-46F8-B79C-ADAF7716B213}.Ad-Hoc|ARM.ActiveCfg = Release|Any CPU
		{1C6094CB-EFA2-46F8-B79C-ADAF7716B213}.Ad-Hoc|ARM.Build.0 = Release|Any CPU
		{1C6094CB-EFA2-46F8-B79C-ADAF7716B213}.Ad-Hoc|iPhone.ActiveCfg = Release|Any CPU
		{1C6094CB-EFA2-46F8-B79C-ADAF7716B213}.Ad-Hoc|iPhone.Build.0 = Release|Any CPU
		{1C6094CB-EFA2-46F8-B79C-ADAF7716B213}.Ad-Hoc|iPhoneSimulator.ActiveCfg = Release|Any CPU
		{1C6094CB-EFA2-46F8-B79C-ADAF7716B213}.Ad-Hoc|iPhoneSimulator.Build.0 = Release|Any CPU
		{1C6094CB-EFA2-46F8-B79C-ADAF7716B213}.Ad-Hoc|x64.ActiveCfg = Release|Any CPU
		{1C6094CB-EFA2-46F8-B79C-ADAF7716B213}.Ad-Hoc|x64.Build.0 = Release|Any CPU
		{1C6094CB-EFA2-46F8-B79C-ADAF7716B213}.Ad-Hoc|x86.ActiveCfg = Release|Any CPU
		{1C6094CB-EFA2-46F8-B79C-ADAF7716B213}.Ad-Hoc|x86.Build.0 = Release|Any CPU
		{1C6094CB-EFA2-46F8-B79C-ADAF7716B213}.AppStore|Any CPU.ActiveCfg = Release|Any CPU
		{1C6094CB-EFA2-46F8-B79C-ADAF7716B213}.AppStore|Any CPU.Build.0 = Release|Any CPU
		{1C6094CB-EFA2-46F8-B79C-ADAF7716B213}.AppStore|ARM.ActiveCfg = Release|Any CPU
		{1C6094CB-EFA2-46F8-B79C-ADAF7716B213}.AppStore|ARM.Build.0 = Release|Any CPU
		{1C6094CB-EFA2-46F8-B79C-ADAF7716B213}.AppStore|iPhone.ActiveCfg = Release|Any CPU
		{1C6094CB-EFA2-46F8-B79C-ADAF7716B213}.AppStore|iPhone.Build.0 = Release|Any CPU
		{1C6094CB-EFA2-46F8-B79C-ADAF7716B213}.AppStore|iPhoneSimulator.ActiveCfg = Release|Any CPU
		{1C6094CB-EFA2-46F8-B79C-ADAF7716B213}.AppStore|iPhoneSimulator.Build.0 = Release|Any CPU
		{1C6094CB-EFA2-46F8-B79C-ADAF7716B213}.AppStore|x64.ActiveCfg = Release|Any CPU
		{1C6094CB-EFA2-46F8-B79C-ADAF7716B213}.AppStore|x64.Build.0 = Release|Any CPU
		{1C6094CB-EFA2-46F8-B79C-ADAF7716B213}.AppStore|x86.ActiveCfg = Release|Any CPU
		{1C6094CB-EFA2-46F8-B79C-ADAF7716B213}.AppStore|x86.Build.0 = Release|Any CPU
		{1C6094CB-EFA2-46F8-B79C-ADAF7716B213}.Debug|Any CPU.ActiveCfg = Debug|Any CPU
		{1C6094CB-EFA2-46F8-B79C-ADAF7716B213}.Debug|Any CPU.Build.0 = Debug|Any CPU
		{1C6094CB-EFA2-46F8-B79C-ADAF7716B213}.Debug|ARM.ActiveCfg = Debug|Any CPU
		{1C6094CB-EFA2-46F8-B79C-ADAF7716B213}.Debug|ARM.Build.0 = Debug|Any CPU
		{1C6094CB-EFA2-46F8-B79C-ADAF7716B213}.Debug|iPhone.ActiveCfg = Debug|Any CPU
		{1C6094CB-EFA2-46F8-B79C-ADAF7716B213}.Debug|iPhone.Build.0 = Debug|Any CPU
		{1C6094CB-EFA2-46F8-B79C-ADAF7716B213}.Debug|iPhoneSimulator.ActiveCfg = Debug|Any CPU
		{1C6094CB-EFA2-46F8-B79C-ADAF7716B213}.Debug|iPhoneSimulator.Build.0 = Debug|Any CPU
		{1C6094CB-EFA2-46F8-B79C-ADAF7716B213}.Debug|x64.ActiveCfg = Debug|Any CPU
		{1C6094CB-EFA2-46F8-B79C-ADAF7716B213}.Debug|x64.Build.0 = Debug|Any CPU
		{1C6094CB-EFA2-46F8-B79C-ADAF7716B213}.Debug|x86.ActiveCfg = Debug|Any CPU
		{1C6094CB-EFA2-46F8-B79C-ADAF7716B213}.Debug|x86.Build.0 = Debug|Any CPU
		{1C6094CB-EFA2-46F8-B79C-ADAF7716B213}.Release|Any CPU.ActiveCfg = Release|Any CPU
		{1C6094CB-EFA2-46F8-B79C-ADAF7716B213}.Release|Any CPU.Build.0 = Release|Any CPU
		{1C6094CB-EFA2-46F8-B79C-ADAF7716B213}.Release|ARM.ActiveCfg = Release|Any CPU
		{1C6094CB-EFA2-46F8-B79C-ADAF7716B213}.Release|ARM.Build.0 = Release|Any CPU
		{1C6094CB-EFA2-46F8-B79C-ADAF7716B213}.Release|iPhone.ActiveCfg = Release|Any CPU
		{1C6094CB-EFA2-46F8-B79C-ADAF7716B213}.Release|iPhone.Build.0 = Release|Any CPU
		{1C6094CB-EFA2-46F8-B79C-ADAF7716B213}.Release|iPhoneSimulator.ActiveCfg = Release|Any CPU
		{1C6094CB-EFA2-46F8-B79C-ADAF7716B213}.Release|iPhoneSimulator.Build.0 = Release|Any CPU
		{1C6094CB-EFA2-46F8-B79C-ADAF7716B213}.Release|x64.ActiveCfg = Release|Any CPU
		{1C6094CB-EFA2-46F8-B79C-ADAF7716B213}.Release|x64.Build.0 = Release|Any CPU
		{1C6094CB-EFA2-46F8-B79C-ADAF7716B213}.Release|x86.ActiveCfg = Release|Any CPU
		{1C6094CB-EFA2-46F8-B79C-ADAF7716B213}.Release|x86.Build.0 = Release|Any CPU
		{D0F13289-714A-491A-B839-2B37707CFE43}.Ad-Hoc|Any CPU.ActiveCfg = Debug|Any CPU
		{D0F13289-714A-491A-B839-2B37707CFE43}.Ad-Hoc|Any CPU.Build.0 = Debug|Any CPU
		{D0F13289-714A-491A-B839-2B37707CFE43}.Ad-Hoc|ARM.ActiveCfg = Debug|Any CPU
		{D0F13289-714A-491A-B839-2B37707CFE43}.Ad-Hoc|ARM.Build.0 = Debug|Any CPU
		{D0F13289-714A-491A-B839-2B37707CFE43}.Ad-Hoc|iPhone.ActiveCfg = Debug|Any CPU
		{D0F13289-714A-491A-B839-2B37707CFE43}.Ad-Hoc|iPhone.Build.0 = Debug|Any CPU
		{D0F13289-714A-491A-B839-2B37707CFE43}.Ad-Hoc|iPhoneSimulator.ActiveCfg = Debug|Any CPU
		{D0F13289-714A-491A-B839-2B37707CFE43}.Ad-Hoc|iPhoneSimulator.Build.0 = Debug|Any CPU
		{D0F13289-714A-491A-B839-2B37707CFE43}.Ad-Hoc|x64.ActiveCfg = Debug|Any CPU
		{D0F13289-714A-491A-B839-2B37707CFE43}.Ad-Hoc|x64.Build.0 = Debug|Any CPU
		{D0F13289-714A-491A-B839-2B37707CFE43}.Ad-Hoc|x86.ActiveCfg = Debug|Any CPU
		{D0F13289-714A-491A-B839-2B37707CFE43}.Ad-Hoc|x86.Build.0 = Debug|Any CPU
		{D0F13289-714A-491A-B839-2B37707CFE43}.AppStore|Any CPU.ActiveCfg = Debug|Any CPU
		{D0F13289-714A-491A-B839-2B37707CFE43}.AppStore|Any CPU.Build.0 = Debug|Any CPU
		{D0F13289-714A-491A-B839-2B37707CFE43}.AppStore|ARM.ActiveCfg = Debug|Any CPU
		{D0F13289-714A-491A-B839-2B37707CFE43}.AppStore|ARM.Build.0 = Debug|Any CPU
		{D0F13289-714A-491A-B839-2B37707CFE43}.AppStore|iPhone.ActiveCfg = Debug|Any CPU
		{D0F13289-714A-491A-B839-2B37707CFE43}.AppStore|iPhone.Build.0 = Debug|Any CPU
		{D0F13289-714A-491A-B839-2B37707CFE43}.AppStore|iPhoneSimulator.ActiveCfg = Debug|Any CPU
		{D0F13289-714A-491A-B839-2B37707CFE43}.AppStore|iPhoneSimulator.Build.0 = Debug|Any CPU
		{D0F13289-714A-491A-B839-2B37707CFE43}.AppStore|x64.ActiveCfg = Debug|Any CPU
		{D0F13289-714A-491A-B839-2B37707CFE43}.AppStore|x64.Build.0 = Debug|Any CPU
		{D0F13289-714A-491A-B839-2B37707CFE43}.AppStore|x86.ActiveCfg = Debug|Any CPU
		{D0F13289-714A-491A-B839-2B37707CFE43}.AppStore|x86.Build.0 = Debug|Any CPU
		{D0F13289-714A-491A-B839-2B37707CFE43}.Debug|Any CPU.ActiveCfg = Debug|Any CPU
		{D0F13289-714A-491A-B839-2B37707CFE43}.Debug|Any CPU.Build.0 = Debug|Any CPU
		{D0F13289-714A-491A-B839-2B37707CFE43}.Debug|ARM.ActiveCfg = Debug|Any CPU
		{D0F13289-714A-491A-B839-2B37707CFE43}.Debug|ARM.Build.0 = Debug|Any CPU
		{D0F13289-714A-491A-B839-2B37707CFE43}.Debug|iPhone.ActiveCfg = Debug|Any CPU
		{D0F13289-714A-491A-B839-2B37707CFE43}.Debug|iPhone.Build.0 = Debug|Any CPU
		{D0F13289-714A-491A-B839-2B37707CFE43}.Debug|iPhoneSimulator.ActiveCfg = Debug|Any CPU
		{D0F13289-714A-491A-B839-2B37707CFE43}.Debug|iPhoneSimulator.Build.0 = Debug|Any CPU
		{D0F13289-714A-491A-B839-2B37707CFE43}.Debug|x64.ActiveCfg = Debug|Any CPU
		{D0F13289-714A-491A-B839-2B37707CFE43}.Debug|x64.Build.0 = Debug|Any CPU
		{D0F13289-714A-491A-B839-2B37707CFE43}.Debug|x86.ActiveCfg = Debug|Any CPU
		{D0F13289-714A-491A-B839-2B37707CFE43}.Debug|x86.Build.0 = Debug|Any CPU
		{D0F13289-714A-491A-B839-2B37707CFE43}.Release|Any CPU.ActiveCfg = Release|Any CPU
		{D0F13289-714A-491A-B839-2B37707CFE43}.Release|Any CPU.Build.0 = Release|Any CPU
		{D0F13289-714A-491A-B839-2B37707CFE43}.Release|ARM.ActiveCfg = Release|Any CPU
		{D0F13289-714A-491A-B839-2B37707CFE43}.Release|ARM.Build.0 = Release|Any CPU
		{D0F13289-714A-491A-B839-2B37707CFE43}.Release|iPhone.ActiveCfg = Release|Any CPU
		{D0F13289-714A-491A-B839-2B37707CFE43}.Release|iPhone.Build.0 = Release|Any CPU
		{D0F13289-714A-491A-B839-2B37707CFE43}.Release|iPhoneSimulator.ActiveCfg = Release|Any CPU
		{D0F13289-714A-491A-B839-2B37707CFE43}.Release|iPhoneSimulator.Build.0 = Release|Any CPU
		{D0F13289-714A-491A-B839-2B37707CFE43}.Release|x64.ActiveCfg = Release|Any CPU
		{D0F13289-714A-491A-B839-2B37707CFE43}.Release|x64.Build.0 = Release|Any CPU
		{D0F13289-714A-491A-B839-2B37707CFE43}.Release|x86.ActiveCfg = Release|Any CPU
		{D0F13289-714A-491A-B839-2B37707CFE43}.Release|x86.Build.0 = Release|Any CPU
		{B41E1145-FCB7-4F14-88BB-32A3C5698D13}.Ad-Hoc|Any CPU.ActiveCfg = Debug|Any CPU
		{B41E1145-FCB7-4F14-88BB-32A3C5698D13}.Ad-Hoc|Any CPU.Build.0 = Debug|Any CPU
		{B41E1145-FCB7-4F14-88BB-32A3C5698D13}.Ad-Hoc|ARM.ActiveCfg = Debug|Any CPU
		{B41E1145-FCB7-4F14-88BB-32A3C5698D13}.Ad-Hoc|ARM.Build.0 = Debug|Any CPU
		{B41E1145-FCB7-4F14-88BB-32A3C5698D13}.Ad-Hoc|iPhone.ActiveCfg = Debug|Any CPU
		{B41E1145-FCB7-4F14-88BB-32A3C5698D13}.Ad-Hoc|iPhone.Build.0 = Debug|Any CPU
		{B41E1145-FCB7-4F14-88BB-32A3C5698D13}.Ad-Hoc|iPhoneSimulator.ActiveCfg = Debug|Any CPU
		{B41E1145-FCB7-4F14-88BB-32A3C5698D13}.Ad-Hoc|iPhoneSimulator.Build.0 = Debug|Any CPU
		{B41E1145-FCB7-4F14-88BB-32A3C5698D13}.Ad-Hoc|x64.ActiveCfg = Debug|Any CPU
		{B41E1145-FCB7-4F14-88BB-32A3C5698D13}.Ad-Hoc|x64.Build.0 = Debug|Any CPU
		{B41E1145-FCB7-4F14-88BB-32A3C5698D13}.Ad-Hoc|x86.ActiveCfg = Debug|Any CPU
		{B41E1145-FCB7-4F14-88BB-32A3C5698D13}.Ad-Hoc|x86.Build.0 = Debug|Any CPU
		{B41E1145-FCB7-4F14-88BB-32A3C5698D13}.AppStore|Any CPU.ActiveCfg = Debug|Any CPU
		{B41E1145-FCB7-4F14-88BB-32A3C5698D13}.AppStore|Any CPU.Build.0 = Debug|Any CPU
		{B41E1145-FCB7-4F14-88BB-32A3C5698D13}.AppStore|ARM.ActiveCfg = Debug|Any CPU
		{B41E1145-FCB7-4F14-88BB-32A3C5698D13}.AppStore|ARM.Build.0 = Debug|Any CPU
		{B41E1145-FCB7-4F14-88BB-32A3C5698D13}.AppStore|iPhone.ActiveCfg = Debug|Any CPU
		{B41E1145-FCB7-4F14-88BB-32A3C5698D13}.AppStore|iPhone.Build.0 = Debug|Any CPU
		{B41E1145-FCB7-4F14-88BB-32A3C5698D13}.AppStore|iPhoneSimulator.ActiveCfg = Debug|Any CPU
		{B41E1145-FCB7-4F14-88BB-32A3C5698D13}.AppStore|iPhoneSimulator.Build.0 = Debug|Any CPU
		{B41E1145-FCB7-4F14-88BB-32A3C5698D13}.AppStore|x64.ActiveCfg = Debug|Any CPU
		{B41E1145-FCB7-4F14-88BB-32A3C5698D13}.AppStore|x64.Build.0 = Debug|Any CPU
		{B41E1145-FCB7-4F14-88BB-32A3C5698D13}.AppStore|x86.ActiveCfg = Debug|Any CPU
		{B41E1145-FCB7-4F14-88BB-32A3C5698D13}.AppStore|x86.Build.0 = Debug|Any CPU
		{B41E1145-FCB7-4F14-88BB-32A3C5698D13}.Debug|Any CPU.ActiveCfg = Debug|Any CPU
		{B41E1145-FCB7-4F14-88BB-32A3C5698D13}.Debug|Any CPU.Build.0 = Debug|Any CPU
		{B41E1145-FCB7-4F14-88BB-32A3C5698D13}.Debug|ARM.ActiveCfg = Debug|Any CPU
		{B41E1145-FCB7-4F14-88BB-32A3C5698D13}.Debug|ARM.Build.0 = Debug|Any CPU
		{B41E1145-FCB7-4F14-88BB-32A3C5698D13}.Debug|iPhone.ActiveCfg = Debug|Any CPU
		{B41E1145-FCB7-4F14-88BB-32A3C5698D13}.Debug|iPhone.Build.0 = Debug|Any CPU
		{B41E1145-FCB7-4F14-88BB-32A3C5698D13}.Debug|iPhoneSimulator.ActiveCfg = Debug|Any CPU
		{B41E1145-FCB7-4F14-88BB-32A3C5698D13}.Debug|iPhoneSimulator.Build.0 = Debug|Any CPU
		{B41E1145-FCB7-4F14-88BB-32A3C5698D13}.Debug|x64.ActiveCfg = Debug|Any CPU
		{B41E1145-FCB7-4F14-88BB-32A3C5698D13}.Debug|x64.Build.0 = Debug|Any CPU
		{B41E1145-FCB7-4F14-88BB-32A3C5698D13}.Debug|x86.ActiveCfg = Debug|Any CPU
		{B41E1145-FCB7-4F14-88BB-32A3C5698D13}.Debug|x86.Build.0 = Debug|Any CPU
		{B41E1145-FCB7-4F14-88BB-32A3C5698D13}.Release|Any CPU.ActiveCfg = Release|Any CPU
		{B41E1145-FCB7-4F14-88BB-32A3C5698D13}.Release|Any CPU.Build.0 = Release|Any CPU
		{B41E1145-FCB7-4F14-88BB-32A3C5698D13}.Release|ARM.ActiveCfg = Release|Any CPU
		{B41E1145-FCB7-4F14-88BB-32A3C5698D13}.Release|ARM.Build.0 = Release|Any CPU
		{B41E1145-FCB7-4F14-88BB-32A3C5698D13}.Release|iPhone.ActiveCfg = Release|Any CPU
		{B41E1145-FCB7-4F14-88BB-32A3C5698D13}.Release|iPhone.Build.0 = Release|Any CPU
		{B41E1145-FCB7-4F14-88BB-32A3C5698D13}.Release|iPhoneSimulator.ActiveCfg = Release|Any CPU
		{B41E1145-FCB7-4F14-88BB-32A3C5698D13}.Release|iPhoneSimulator.Build.0 = Release|Any CPU
		{B41E1145-FCB7-4F14-88BB-32A3C5698D13}.Release|x64.ActiveCfg = Release|Any CPU
		{B41E1145-FCB7-4F14-88BB-32A3C5698D13}.Release|x64.Build.0 = Release|Any CPU
		{B41E1145-FCB7-4F14-88BB-32A3C5698D13}.Release|x86.ActiveCfg = Release|Any CPU
		{B41E1145-FCB7-4F14-88BB-32A3C5698D13}.Release|x86.Build.0 = Release|Any CPU
		{FAF78202-823C-4C05-9F99-F4F5C02194F7}.Ad-Hoc|Any CPU.ActiveCfg = Debug|Any CPU
		{FAF78202-823C-4C05-9F99-F4F5C02194F7}.Ad-Hoc|Any CPU.Build.0 = Debug|Any CPU
		{FAF78202-823C-4C05-9F99-F4F5C02194F7}.Ad-Hoc|ARM.ActiveCfg = Debug|Any CPU
		{FAF78202-823C-4C05-9F99-F4F5C02194F7}.Ad-Hoc|ARM.Build.0 = Debug|Any CPU
		{FAF78202-823C-4C05-9F99-F4F5C02194F7}.Ad-Hoc|iPhone.ActiveCfg = Debug|Any CPU
		{FAF78202-823C-4C05-9F99-F4F5C02194F7}.Ad-Hoc|iPhone.Build.0 = Debug|Any CPU
		{FAF78202-823C-4C05-9F99-F4F5C02194F7}.Ad-Hoc|iPhoneSimulator.ActiveCfg = Debug|Any CPU
		{FAF78202-823C-4C05-9F99-F4F5C02194F7}.Ad-Hoc|iPhoneSimulator.Build.0 = Debug|Any CPU
		{FAF78202-823C-4C05-9F99-F4F5C02194F7}.Ad-Hoc|x64.ActiveCfg = Debug|Any CPU
		{FAF78202-823C-4C05-9F99-F4F5C02194F7}.Ad-Hoc|x64.Build.0 = Debug|Any CPU
		{FAF78202-823C-4C05-9F99-F4F5C02194F7}.Ad-Hoc|x86.ActiveCfg = Debug|Any CPU
		{FAF78202-823C-4C05-9F99-F4F5C02194F7}.Ad-Hoc|x86.Build.0 = Debug|Any CPU
		{FAF78202-823C-4C05-9F99-F4F5C02194F7}.AppStore|Any CPU.ActiveCfg = Debug|Any CPU
		{FAF78202-823C-4C05-9F99-F4F5C02194F7}.AppStore|Any CPU.Build.0 = Debug|Any CPU
		{FAF78202-823C-4C05-9F99-F4F5C02194F7}.AppStore|ARM.ActiveCfg = Debug|Any CPU
		{FAF78202-823C-4C05-9F99-F4F5C02194F7}.AppStore|ARM.Build.0 = Debug|Any CPU
		{FAF78202-823C-4C05-9F99-F4F5C02194F7}.AppStore|iPhone.ActiveCfg = Debug|Any CPU
		{FAF78202-823C-4C05-9F99-F4F5C02194F7}.AppStore|iPhone.Build.0 = Debug|Any CPU
		{FAF78202-823C-4C05-9F99-F4F5C02194F7}.AppStore|iPhoneSimulator.ActiveCfg = Debug|Any CPU
		{FAF78202-823C-4C05-9F99-F4F5C02194F7}.AppStore|iPhoneSimulator.Build.0 = Debug|Any CPU
		{FAF78202-823C-4C05-9F99-F4F5C02194F7}.AppStore|x64.ActiveCfg = Debug|Any CPU
		{FAF78202-823C-4C05-9F99-F4F5C02194F7}.AppStore|x64.Build.0 = Debug|Any CPU
		{FAF78202-823C-4C05-9F99-F4F5C02194F7}.AppStore|x86.ActiveCfg = Debug|Any CPU
		{FAF78202-823C-4C05-9F99-F4F5C02194F7}.AppStore|x86.Build.0 = Debug|Any CPU
		{FAF78202-823C-4C05-9F99-F4F5C02194F7}.Debug|Any CPU.ActiveCfg = Debug|Any CPU
		{FAF78202-823C-4C05-9F99-F4F5C02194F7}.Debug|Any CPU.Build.0 = Debug|Any CPU
		{FAF78202-823C-4C05-9F99-F4F5C02194F7}.Debug|ARM.ActiveCfg = Debug|Any CPU
		{FAF78202-823C-4C05-9F99-F4F5C02194F7}.Debug|ARM.Build.0 = Debug|Any CPU
		{FAF78202-823C-4C05-9F99-F4F5C02194F7}.Debug|iPhone.ActiveCfg = Debug|Any CPU
		{FAF78202-823C-4C05-9F99-F4F5C02194F7}.Debug|iPhone.Build.0 = Debug|Any CPU
		{FAF78202-823C-4C05-9F99-F4F5C02194F7}.Debug|iPhoneSimulator.ActiveCfg = Debug|Any CPU
		{FAF78202-823C-4C05-9F99-F4F5C02194F7}.Debug|iPhoneSimulator.Build.0 = Debug|Any CPU
		{FAF78202-823C-4C05-9F99-F4F5C02194F7}.Debug|x64.ActiveCfg = Debug|Any CPU
		{FAF78202-823C-4C05-9F99-F4F5C02194F7}.Debug|x64.Build.0 = Debug|Any CPU
		{FAF78202-823C-4C05-9F99-F4F5C02194F7}.Debug|x86.ActiveCfg = Debug|Any CPU
		{FAF78202-823C-4C05-9F99-F4F5C02194F7}.Debug|x86.Build.0 = Debug|Any CPU
		{FAF78202-823C-4C05-9F99-F4F5C02194F7}.Release|Any CPU.ActiveCfg = Release|Any CPU
		{FAF78202-823C-4C05-9F99-F4F5C02194F7}.Release|Any CPU.Build.0 = Release|Any CPU
		{FAF78202-823C-4C05-9F99-F4F5C02194F7}.Release|ARM.ActiveCfg = Release|Any CPU
		{FAF78202-823C-4C05-9F99-F4F5C02194F7}.Release|ARM.Build.0 = Release|Any CPU
		{FAF78202-823C-4C05-9F99-F4F5C02194F7}.Release|iPhone.ActiveCfg = Release|Any CPU
		{FAF78202-823C-4C05-9F99-F4F5C02194F7}.Release|iPhone.Build.0 = Release|Any CPU
		{FAF78202-823C-4C05-9F99-F4F5C02194F7}.Release|iPhoneSimulator.ActiveCfg = Release|Any CPU
		{FAF78202-823C-4C05-9F99-F4F5C02194F7}.Release|iPhoneSimulator.Build.0 = Release|Any CPU
		{FAF78202-823C-4C05-9F99-F4F5C02194F7}.Release|x64.ActiveCfg = Release|Any CPU
		{FAF78202-823C-4C05-9F99-F4F5C02194F7}.Release|x64.Build.0 = Release|Any CPU
		{FAF78202-823C-4C05-9F99-F4F5C02194F7}.Release|x86.ActiveCfg = Release|Any CPU
		{FAF78202-823C-4C05-9F99-F4F5C02194F7}.Release|x86.Build.0 = Release|Any CPU
		{311DA8F3-1636-412F-A897-1B900E6636B4}.Ad-Hoc|Any CPU.ActiveCfg = Debug|Any CPU
		{311DA8F3-1636-412F-A897-1B900E6636B4}.Ad-Hoc|Any CPU.Build.0 = Debug|Any CPU
		{311DA8F3-1636-412F-A897-1B900E6636B4}.Ad-Hoc|ARM.ActiveCfg = Debug|Any CPU
		{311DA8F3-1636-412F-A897-1B900E6636B4}.Ad-Hoc|ARM.Build.0 = Debug|Any CPU
		{311DA8F3-1636-412F-A897-1B900E6636B4}.Ad-Hoc|iPhone.ActiveCfg = Debug|Any CPU
		{311DA8F3-1636-412F-A897-1B900E6636B4}.Ad-Hoc|iPhone.Build.0 = Debug|Any CPU
		{311DA8F3-1636-412F-A897-1B900E6636B4}.Ad-Hoc|iPhoneSimulator.ActiveCfg = Debug|Any CPU
		{311DA8F3-1636-412F-A897-1B900E6636B4}.Ad-Hoc|iPhoneSimulator.Build.0 = Debug|Any CPU
		{311DA8F3-1636-412F-A897-1B900E6636B4}.Ad-Hoc|x64.ActiveCfg = Debug|Any CPU
		{311DA8F3-1636-412F-A897-1B900E6636B4}.Ad-Hoc|x64.Build.0 = Debug|Any CPU
		{311DA8F3-1636-412F-A897-1B900E6636B4}.Ad-Hoc|x86.ActiveCfg = Debug|Any CPU
		{311DA8F3-1636-412F-A897-1B900E6636B4}.Ad-Hoc|x86.Build.0 = Debug|Any CPU
		{311DA8F3-1636-412F-A897-1B900E6636B4}.AppStore|Any CPU.ActiveCfg = Debug|Any CPU
		{311DA8F3-1636-412F-A897-1B900E6636B4}.AppStore|Any CPU.Build.0 = Debug|Any CPU
		{311DA8F3-1636-412F-A897-1B900E6636B4}.AppStore|ARM.ActiveCfg = Debug|Any CPU
		{311DA8F3-1636-412F-A897-1B900E6636B4}.AppStore|ARM.Build.0 = Debug|Any CPU
		{311DA8F3-1636-412F-A897-1B900E6636B4}.AppStore|iPhone.ActiveCfg = Debug|Any CPU
		{311DA8F3-1636-412F-A897-1B900E6636B4}.AppStore|iPhone.Build.0 = Debug|Any CPU
		{311DA8F3-1636-412F-A897-1B900E6636B4}.AppStore|iPhoneSimulator.ActiveCfg = Debug|Any CPU
		{311DA8F3-1636-412F-A897-1B900E6636B4}.AppStore|iPhoneSimulator.Build.0 = Debug|Any CPU
		{311DA8F3-1636-412F-A897-1B900E6636B4}.AppStore|x64.ActiveCfg = Debug|Any CPU
		{311DA8F3-1636-412F-A897-1B900E6636B4}.AppStore|x64.Build.0 = Debug|Any CPU
		{311DA8F3-1636-412F-A897-1B900E6636B4}.AppStore|x86.ActiveCfg = Debug|Any CPU
		{311DA8F3-1636-412F-A897-1B900E6636B4}.AppStore|x86.Build.0 = Debug|Any CPU
		{311DA8F3-1636-412F-A897-1B900E6636B4}.Debug|Any CPU.ActiveCfg = Debug|Any CPU
		{311DA8F3-1636-412F-A897-1B900E6636B4}.Debug|Any CPU.Build.0 = Debug|Any CPU
		{311DA8F3-1636-412F-A897-1B900E6636B4}.Debug|ARM.ActiveCfg = Debug|Any CPU
		{311DA8F3-1636-412F-A897-1B900E6636B4}.Debug|ARM.Build.0 = Debug|Any CPU
		{311DA8F3-1636-412F-A897-1B900E6636B4}.Debug|iPhone.ActiveCfg = Debug|Any CPU
		{311DA8F3-1636-412F-A897-1B900E6636B4}.Debug|iPhone.Build.0 = Debug|Any CPU
		{311DA8F3-1636-412F-A897-1B900E6636B4}.Debug|iPhoneSimulator.ActiveCfg = Debug|Any CPU
		{311DA8F3-1636-412F-A897-1B900E6636B4}.Debug|iPhoneSimulator.Build.0 = Debug|Any CPU
		{311DA8F3-1636-412F-A897-1B900E6636B4}.Debug|x64.ActiveCfg = Debug|Any CPU
		{311DA8F3-1636-412F-A897-1B900E6636B4}.Debug|x64.Build.0 = Debug|Any CPU
		{311DA8F3-1636-412F-A897-1B900E6636B4}.Debug|x86.ActiveCfg = Debug|Any CPU
		{311DA8F3-1636-412F-A897-1B900E6636B4}.Debug|x86.Build.0 = Debug|Any CPU
		{311DA8F3-1636-412F-A897-1B900E6636B4}.Release|Any CPU.ActiveCfg = Release|Any CPU
		{311DA8F3-1636-412F-A897-1B900E6636B4}.Release|Any CPU.Build.0 = Release|Any CPU
		{311DA8F3-1636-412F-A897-1B900E6636B4}.Release|ARM.ActiveCfg = Release|Any CPU
		{311DA8F3-1636-412F-A897-1B900E6636B4}.Release|ARM.Build.0 = Release|Any CPU
		{311DA8F3-1636-412F-A897-1B900E6636B4}.Release|iPhone.ActiveCfg = Release|Any CPU
		{311DA8F3-1636-412F-A897-1B900E6636B4}.Release|iPhone.Build.0 = Release|Any CPU
		{311DA8F3-1636-412F-A897-1B900E6636B4}.Release|iPhoneSimulator.ActiveCfg = Release|Any CPU
		{311DA8F3-1636-412F-A897-1B900E6636B4}.Release|iPhoneSimulator.Build.0 = Release|Any CPU
		{311DA8F3-1636-412F-A897-1B900E6636B4}.Release|x64.ActiveCfg = Release|Any CPU
		{311DA8F3-1636-412F-A897-1B900E6636B4}.Release|x64.Build.0 = Release|Any CPU
		{311DA8F3-1636-412F-A897-1B900E6636B4}.Release|x86.ActiveCfg = Release|Any CPU
		{311DA8F3-1636-412F-A897-1B900E6636B4}.Release|x86.Build.0 = Release|Any CPU
		{B136173F-7D5B-4363-A264-041E44607FBD}.Ad-Hoc|Any CPU.ActiveCfg = Debug|Any CPU
		{B136173F-7D5B-4363-A264-041E44607FBD}.Ad-Hoc|Any CPU.Build.0 = Debug|Any CPU
		{B136173F-7D5B-4363-A264-041E44607FBD}.Ad-Hoc|ARM.ActiveCfg = Debug|Any CPU
		{B136173F-7D5B-4363-A264-041E44607FBD}.Ad-Hoc|ARM.Build.0 = Debug|Any CPU
		{B136173F-7D5B-4363-A264-041E44607FBD}.Ad-Hoc|iPhone.ActiveCfg = Debug|Any CPU
		{B136173F-7D5B-4363-A264-041E44607FBD}.Ad-Hoc|iPhone.Build.0 = Debug|Any CPU
		{B136173F-7D5B-4363-A264-041E44607FBD}.Ad-Hoc|iPhoneSimulator.ActiveCfg = Debug|Any CPU
		{B136173F-7D5B-4363-A264-041E44607FBD}.Ad-Hoc|iPhoneSimulator.Build.0 = Debug|Any CPU
		{B136173F-7D5B-4363-A264-041E44607FBD}.Ad-Hoc|x64.ActiveCfg = Debug|Any CPU
		{B136173F-7D5B-4363-A264-041E44607FBD}.Ad-Hoc|x64.Build.0 = Debug|Any CPU
		{B136173F-7D5B-4363-A264-041E44607FBD}.Ad-Hoc|x86.ActiveCfg = Debug|Any CPU
		{B136173F-7D5B-4363-A264-041E44607FBD}.Ad-Hoc|x86.Build.0 = Debug|Any CPU
		{B136173F-7D5B-4363-A264-041E44607FBD}.AppStore|Any CPU.ActiveCfg = Debug|Any CPU
		{B136173F-7D5B-4363-A264-041E44607FBD}.AppStore|Any CPU.Build.0 = Debug|Any CPU
		{B136173F-7D5B-4363-A264-041E44607FBD}.AppStore|ARM.ActiveCfg = Debug|Any CPU
		{B136173F-7D5B-4363-A264-041E44607FBD}.AppStore|ARM.Build.0 = Debug|Any CPU
		{B136173F-7D5B-4363-A264-041E44607FBD}.AppStore|iPhone.ActiveCfg = Debug|Any CPU
		{B136173F-7D5B-4363-A264-041E44607FBD}.AppStore|iPhone.Build.0 = Debug|Any CPU
		{B136173F-7D5B-4363-A264-041E44607FBD}.AppStore|iPhoneSimulator.ActiveCfg = Debug|Any CPU
		{B136173F-7D5B-4363-A264-041E44607FBD}.AppStore|iPhoneSimulator.Build.0 = Debug|Any CPU
		{B136173F-7D5B-4363-A264-041E44607FBD}.AppStore|x64.ActiveCfg = Debug|Any CPU
		{B136173F-7D5B-4363-A264-041E44607FBD}.AppStore|x64.Build.0 = Debug|Any CPU
		{B136173F-7D5B-4363-A264-041E44607FBD}.AppStore|x86.ActiveCfg = Debug|Any CPU
		{B136173F-7D5B-4363-A264-041E44607FBD}.AppStore|x86.Build.0 = Debug|Any CPU
		{B136173F-7D5B-4363-A264-041E44607FBD}.Debug|Any CPU.ActiveCfg = Debug|Any CPU
		{B136173F-7D5B-4363-A264-041E44607FBD}.Debug|Any CPU.Build.0 = Debug|Any CPU
		{B136173F-7D5B-4363-A264-041E44607FBD}.Debug|ARM.ActiveCfg = Debug|Any CPU
		{B136173F-7D5B-4363-A264-041E44607FBD}.Debug|ARM.Build.0 = Debug|Any CPU
		{B136173F-7D5B-4363-A264-041E44607FBD}.Debug|iPhone.ActiveCfg = Debug|Any CPU
		{B136173F-7D5B-4363-A264-041E44607FBD}.Debug|iPhone.Build.0 = Debug|Any CPU
		{B136173F-7D5B-4363-A264-041E44607FBD}.Debug|iPhoneSimulator.ActiveCfg = Debug|Any CPU
		{B136173F-7D5B-4363-A264-041E44607FBD}.Debug|iPhoneSimulator.Build.0 = Debug|Any CPU
		{B136173F-7D5B-4363-A264-041E44607FBD}.Debug|x64.ActiveCfg = Debug|Any CPU
		{B136173F-7D5B-4363-A264-041E44607FBD}.Debug|x64.Build.0 = Debug|Any CPU
		{B136173F-7D5B-4363-A264-041E44607FBD}.Debug|x86.ActiveCfg = Debug|Any CPU
		{B136173F-7D5B-4363-A264-041E44607FBD}.Debug|x86.Build.0 = Debug|Any CPU
		{B136173F-7D5B-4363-A264-041E44607FBD}.Release|Any CPU.ActiveCfg = Release|Any CPU
		{B136173F-7D5B-4363-A264-041E44607FBD}.Release|Any CPU.Build.0 = Release|Any CPU
		{B136173F-7D5B-4363-A264-041E44607FBD}.Release|ARM.ActiveCfg = Release|Any CPU
		{B136173F-7D5B-4363-A264-041E44607FBD}.Release|ARM.Build.0 = Release|Any CPU
		{B136173F-7D5B-4363-A264-041E44607FBD}.Release|iPhone.ActiveCfg = Release|Any CPU
		{B136173F-7D5B-4363-A264-041E44607FBD}.Release|iPhone.Build.0 = Release|Any CPU
		{B136173F-7D5B-4363-A264-041E44607FBD}.Release|iPhoneSimulator.ActiveCfg = Release|Any CPU
		{B136173F-7D5B-4363-A264-041E44607FBD}.Release|iPhoneSimulator.Build.0 = Release|Any CPU
		{B136173F-7D5B-4363-A264-041E44607FBD}.Release|x64.ActiveCfg = Release|Any CPU
		{B136173F-7D5B-4363-A264-041E44607FBD}.Release|x64.Build.0 = Release|Any CPU
		{B136173F-7D5B-4363-A264-041E44607FBD}.Release|x86.ActiveCfg = Release|Any CPU
		{B136173F-7D5B-4363-A264-041E44607FBD}.Release|x86.Build.0 = Release|Any CPU
		{F65C90D5-6B36-44A6-885E-488BEA54CBD6}.Ad-Hoc|Any CPU.ActiveCfg = Debug|Any CPU
		{F65C90D5-6B36-44A6-885E-488BEA54CBD6}.Ad-Hoc|Any CPU.Build.0 = Debug|Any CPU
		{F65C90D5-6B36-44A6-885E-488BEA54CBD6}.Ad-Hoc|ARM.ActiveCfg = Debug|Any CPU
		{F65C90D5-6B36-44A6-885E-488BEA54CBD6}.Ad-Hoc|ARM.Build.0 = Debug|Any CPU
		{F65C90D5-6B36-44A6-885E-488BEA54CBD6}.Ad-Hoc|iPhone.ActiveCfg = Debug|Any CPU
		{F65C90D5-6B36-44A6-885E-488BEA54CBD6}.Ad-Hoc|iPhone.Build.0 = Debug|Any CPU
		{F65C90D5-6B36-44A6-885E-488BEA54CBD6}.Ad-Hoc|iPhoneSimulator.ActiveCfg = Debug|Any CPU
		{F65C90D5-6B36-44A6-885E-488BEA54CBD6}.Ad-Hoc|iPhoneSimulator.Build.0 = Debug|Any CPU
		{F65C90D5-6B36-44A6-885E-488BEA54CBD6}.Ad-Hoc|x64.ActiveCfg = Debug|Any CPU
		{F65C90D5-6B36-44A6-885E-488BEA54CBD6}.Ad-Hoc|x64.Build.0 = Debug|Any CPU
		{F65C90D5-6B36-44A6-885E-488BEA54CBD6}.Ad-Hoc|x86.ActiveCfg = Debug|Any CPU
		{F65C90D5-6B36-44A6-885E-488BEA54CBD6}.Ad-Hoc|x86.Build.0 = Debug|Any CPU
		{F65C90D5-6B36-44A6-885E-488BEA54CBD6}.AppStore|Any CPU.ActiveCfg = Debug|Any CPU
		{F65C90D5-6B36-44A6-885E-488BEA54CBD6}.AppStore|Any CPU.Build.0 = Debug|Any CPU
		{F65C90D5-6B36-44A6-885E-488BEA54CBD6}.AppStore|ARM.ActiveCfg = Debug|Any CPU
		{F65C90D5-6B36-44A6-885E-488BEA54CBD6}.AppStore|ARM.Build.0 = Debug|Any CPU
		{F65C90D5-6B36-44A6-885E-488BEA54CBD6}.AppStore|iPhone.ActiveCfg = Debug|Any CPU
		{F65C90D5-6B36-44A6-885E-488BEA54CBD6}.AppStore|iPhone.Build.0 = Debug|Any CPU
		{F65C90D5-6B36-44A6-885E-488BEA54CBD6}.AppStore|iPhoneSimulator.ActiveCfg = Debug|Any CPU
		{F65C90D5-6B36-44A6-885E-488BEA54CBD6}.AppStore|iPhoneSimulator.Build.0 = Debug|Any CPU
		{F65C90D5-6B36-44A6-885E-488BEA54CBD6}.AppStore|x64.ActiveCfg = Debug|Any CPU
		{F65C90D5-6B36-44A6-885E-488BEA54CBD6}.AppStore|x64.Build.0 = Debug|Any CPU
		{F65C90D5-6B36-44A6-885E-488BEA54CBD6}.AppStore|x86.ActiveCfg = Debug|Any CPU
		{F65C90D5-6B36-44A6-885E-488BEA54CBD6}.AppStore|x86.Build.0 = Debug|Any CPU
		{F65C90D5-6B36-44A6-885E-488BEA54CBD6}.Debug|Any CPU.ActiveCfg = Debug|Any CPU
		{F65C90D5-6B36-44A6-885E-488BEA54CBD6}.Debug|Any CPU.Build.0 = Debug|Any CPU
		{F65C90D5-6B36-44A6-885E-488BEA54CBD6}.Debug|ARM.ActiveCfg = Debug|Any CPU
		{F65C90D5-6B36-44A6-885E-488BEA54CBD6}.Debug|ARM.Build.0 = Debug|Any CPU
		{F65C90D5-6B36-44A6-885E-488BEA54CBD6}.Debug|iPhone.ActiveCfg = Debug|Any CPU
		{F65C90D5-6B36-44A6-885E-488BEA54CBD6}.Debug|iPhone.Build.0 = Debug|Any CPU
		{F65C90D5-6B36-44A6-885E-488BEA54CBD6}.Debug|iPhoneSimulator.ActiveCfg = Debug|Any CPU
		{F65C90D5-6B36-44A6-885E-488BEA54CBD6}.Debug|iPhoneSimulator.Build.0 = Debug|Any CPU
		{F65C90D5-6B36-44A6-885E-488BEA54CBD6}.Debug|x64.ActiveCfg = Debug|Any CPU
		{F65C90D5-6B36-44A6-885E-488BEA54CBD6}.Debug|x64.Build.0 = Debug|Any CPU
		{F65C90D5-6B36-44A6-885E-488BEA54CBD6}.Debug|x86.ActiveCfg = Debug|Any CPU
		{F65C90D5-6B36-44A6-885E-488BEA54CBD6}.Debug|x86.Build.0 = Debug|Any CPU
		{F65C90D5-6B36-44A6-885E-488BEA54CBD6}.Release|Any CPU.ActiveCfg = Release|Any CPU
		{F65C90D5-6B36-44A6-885E-488BEA54CBD6}.Release|Any CPU.Build.0 = Release|Any CPU
		{F65C90D5-6B36-44A6-885E-488BEA54CBD6}.Release|ARM.ActiveCfg = Release|Any CPU
		{F65C90D5-6B36-44A6-885E-488BEA54CBD6}.Release|ARM.Build.0 = Release|Any CPU
		{F65C90D5-6B36-44A6-885E-488BEA54CBD6}.Release|iPhone.ActiveCfg = Release|Any CPU
		{F65C90D5-6B36-44A6-885E-488BEA54CBD6}.Release|iPhone.Build.0 = Release|Any CPU
		{F65C90D5-6B36-44A6-885E-488BEA54CBD6}.Release|iPhoneSimulator.ActiveCfg = Release|Any CPU
		{F65C90D5-6B36-44A6-885E-488BEA54CBD6}.Release|iPhoneSimulator.Build.0 = Release|Any CPU
		{F65C90D5-6B36-44A6-885E-488BEA54CBD6}.Release|x64.ActiveCfg = Release|Any CPU
		{F65C90D5-6B36-44A6-885E-488BEA54CBD6}.Release|x64.Build.0 = Release|Any CPU
		{F65C90D5-6B36-44A6-885E-488BEA54CBD6}.Release|x86.ActiveCfg = Release|Any CPU
		{F65C90D5-6B36-44A6-885E-488BEA54CBD6}.Release|x86.Build.0 = Release|Any CPU
		{7625FE44-0F73-4214-A870-48401FF47531}.Ad-Hoc|Any CPU.ActiveCfg = Debug|Any CPU
		{7625FE44-0F73-4214-A870-48401FF47531}.Ad-Hoc|Any CPU.Build.0 = Debug|Any CPU
		{7625FE44-0F73-4214-A870-48401FF47531}.Ad-Hoc|ARM.ActiveCfg = Debug|Any CPU
		{7625FE44-0F73-4214-A870-48401FF47531}.Ad-Hoc|ARM.Build.0 = Debug|Any CPU
		{7625FE44-0F73-4214-A870-48401FF47531}.Ad-Hoc|iPhone.ActiveCfg = Debug|Any CPU
		{7625FE44-0F73-4214-A870-48401FF47531}.Ad-Hoc|iPhone.Build.0 = Debug|Any CPU
		{7625FE44-0F73-4214-A870-48401FF47531}.Ad-Hoc|iPhoneSimulator.ActiveCfg = Debug|Any CPU
		{7625FE44-0F73-4214-A870-48401FF47531}.Ad-Hoc|iPhoneSimulator.Build.0 = Debug|Any CPU
		{7625FE44-0F73-4214-A870-48401FF47531}.Ad-Hoc|x64.ActiveCfg = Debug|Any CPU
		{7625FE44-0F73-4214-A870-48401FF47531}.Ad-Hoc|x64.Build.0 = Debug|Any CPU
		{7625FE44-0F73-4214-A870-48401FF47531}.Ad-Hoc|x86.ActiveCfg = Debug|Any CPU
		{7625FE44-0F73-4214-A870-48401FF47531}.Ad-Hoc|x86.Build.0 = Debug|Any CPU
		{7625FE44-0F73-4214-A870-48401FF47531}.AppStore|Any CPU.ActiveCfg = Debug|Any CPU
		{7625FE44-0F73-4214-A870-48401FF47531}.AppStore|Any CPU.Build.0 = Debug|Any CPU
		{7625FE44-0F73-4214-A870-48401FF47531}.AppStore|ARM.ActiveCfg = Debug|Any CPU
		{7625FE44-0F73-4214-A870-48401FF47531}.AppStore|ARM.Build.0 = Debug|Any CPU
		{7625FE44-0F73-4214-A870-48401FF47531}.AppStore|iPhone.ActiveCfg = Debug|Any CPU
		{7625FE44-0F73-4214-A870-48401FF47531}.AppStore|iPhone.Build.0 = Debug|Any CPU
		{7625FE44-0F73-4214-A870-48401FF47531}.AppStore|iPhoneSimulator.ActiveCfg = Debug|Any CPU
		{7625FE44-0F73-4214-A870-48401FF47531}.AppStore|iPhoneSimulator.Build.0 = Debug|Any CPU
		{7625FE44-0F73-4214-A870-48401FF47531}.AppStore|x64.ActiveCfg = Debug|Any CPU
		{7625FE44-0F73-4214-A870-48401FF47531}.AppStore|x64.Build.0 = Debug|Any CPU
		{7625FE44-0F73-4214-A870-48401FF47531}.AppStore|x86.ActiveCfg = Debug|Any CPU
		{7625FE44-0F73-4214-A870-48401FF47531}.AppStore|x86.Build.0 = Debug|Any CPU
		{7625FE44-0F73-4214-A870-48401FF47531}.Debug|Any CPU.ActiveCfg = Debug|Any CPU
		{7625FE44-0F73-4214-A870-48401FF47531}.Debug|Any CPU.Build.0 = Debug|Any CPU
		{7625FE44-0F73-4214-A870-48401FF47531}.Debug|ARM.ActiveCfg = Debug|Any CPU
		{7625FE44-0F73-4214-A870-48401FF47531}.Debug|ARM.Build.0 = Debug|Any CPU
		{7625FE44-0F73-4214-A870-48401FF47531}.Debug|iPhone.ActiveCfg = Debug|Any CPU
		{7625FE44-0F73-4214-A870-48401FF47531}.Debug|iPhone.Build.0 = Debug|Any CPU
		{7625FE44-0F73-4214-A870-48401FF47531}.Debug|iPhoneSimulator.ActiveCfg = Debug|Any CPU
		{7625FE44-0F73-4214-A870-48401FF47531}.Debug|iPhoneSimulator.Build.0 = Debug|Any CPU
		{7625FE44-0F73-4214-A870-48401FF47531}.Debug|x64.ActiveCfg = Debug|Any CPU
		{7625FE44-0F73-4214-A870-48401FF47531}.Debug|x64.Build.0 = Debug|Any CPU
		{7625FE44-0F73-4214-A870-48401FF47531}.Debug|x86.ActiveCfg = Debug|Any CPU
		{7625FE44-0F73-4214-A870-48401FF47531}.Debug|x86.Build.0 = Debug|Any CPU
		{7625FE44-0F73-4214-A870-48401FF47531}.Release|Any CPU.ActiveCfg = Release|Any CPU
		{7625FE44-0F73-4214-A870-48401FF47531}.Release|Any CPU.Build.0 = Release|Any CPU
		{7625FE44-0F73-4214-A870-48401FF47531}.Release|ARM.ActiveCfg = Release|Any CPU
		{7625FE44-0F73-4214-A870-48401FF47531}.Release|ARM.Build.0 = Release|Any CPU
		{7625FE44-0F73-4214-A870-48401FF47531}.Release|iPhone.ActiveCfg = Release|Any CPU
		{7625FE44-0F73-4214-A870-48401FF47531}.Release|iPhone.Build.0 = Release|Any CPU
		{7625FE44-0F73-4214-A870-48401FF47531}.Release|iPhoneSimulator.ActiveCfg = Release|Any CPU
		{7625FE44-0F73-4214-A870-48401FF47531}.Release|iPhoneSimulator.Build.0 = Release|Any CPU
		{7625FE44-0F73-4214-A870-48401FF47531}.Release|x64.ActiveCfg = Release|Any CPU
		{7625FE44-0F73-4214-A870-48401FF47531}.Release|x64.Build.0 = Release|Any CPU
		{7625FE44-0F73-4214-A870-48401FF47531}.Release|x86.ActiveCfg = Release|Any CPU
		{7625FE44-0F73-4214-A870-48401FF47531}.Release|x86.Build.0 = Release|Any CPU
		{A3B0BEBF-A07D-46B8-B373-1CD77243E92A}.Ad-Hoc|Any CPU.ActiveCfg = Debug|Any CPU
		{A3B0BEBF-A07D-46B8-B373-1CD77243E92A}.Ad-Hoc|Any CPU.Build.0 = Debug|Any CPU
		{A3B0BEBF-A07D-46B8-B373-1CD77243E92A}.Ad-Hoc|ARM.ActiveCfg = Debug|Any CPU
		{A3B0BEBF-A07D-46B8-B373-1CD77243E92A}.Ad-Hoc|ARM.Build.0 = Debug|Any CPU
		{A3B0BEBF-A07D-46B8-B373-1CD77243E92A}.Ad-Hoc|iPhone.ActiveCfg = Debug|Any CPU
		{A3B0BEBF-A07D-46B8-B373-1CD77243E92A}.Ad-Hoc|iPhone.Build.0 = Debug|Any CPU
		{A3B0BEBF-A07D-46B8-B373-1CD77243E92A}.Ad-Hoc|iPhoneSimulator.ActiveCfg = Debug|Any CPU
		{A3B0BEBF-A07D-46B8-B373-1CD77243E92A}.Ad-Hoc|iPhoneSimulator.Build.0 = Debug|Any CPU
		{A3B0BEBF-A07D-46B8-B373-1CD77243E92A}.Ad-Hoc|x64.ActiveCfg = Debug|Any CPU
		{A3B0BEBF-A07D-46B8-B373-1CD77243E92A}.Ad-Hoc|x64.Build.0 = Debug|Any CPU
		{A3B0BEBF-A07D-46B8-B373-1CD77243E92A}.Ad-Hoc|x86.ActiveCfg = Debug|Any CPU
		{A3B0BEBF-A07D-46B8-B373-1CD77243E92A}.Ad-Hoc|x86.Build.0 = Debug|Any CPU
		{A3B0BEBF-A07D-46B8-B373-1CD77243E92A}.AppStore|Any CPU.ActiveCfg = Debug|Any CPU
		{A3B0BEBF-A07D-46B8-B373-1CD77243E92A}.AppStore|Any CPU.Build.0 = Debug|Any CPU
		{A3B0BEBF-A07D-46B8-B373-1CD77243E92A}.AppStore|ARM.ActiveCfg = Debug|Any CPU
		{A3B0BEBF-A07D-46B8-B373-1CD77243E92A}.AppStore|ARM.Build.0 = Debug|Any CPU
		{A3B0BEBF-A07D-46B8-B373-1CD77243E92A}.AppStore|iPhone.ActiveCfg = Debug|Any CPU
		{A3B0BEBF-A07D-46B8-B373-1CD77243E92A}.AppStore|iPhone.Build.0 = Debug|Any CPU
		{A3B0BEBF-A07D-46B8-B373-1CD77243E92A}.AppStore|iPhoneSimulator.ActiveCfg = Debug|Any CPU
		{A3B0BEBF-A07D-46B8-B373-1CD77243E92A}.AppStore|iPhoneSimulator.Build.0 = Debug|Any CPU
		{A3B0BEBF-A07D-46B8-B373-1CD77243E92A}.AppStore|x64.ActiveCfg = Debug|Any CPU
		{A3B0BEBF-A07D-46B8-B373-1CD77243E92A}.AppStore|x64.Build.0 = Debug|Any CPU
		{A3B0BEBF-A07D-46B8-B373-1CD77243E92A}.AppStore|x86.ActiveCfg = Debug|Any CPU
		{A3B0BEBF-A07D-46B8-B373-1CD77243E92A}.AppStore|x86.Build.0 = Debug|Any CPU
		{A3B0BEBF-A07D-46B8-B373-1CD77243E92A}.Debug|Any CPU.ActiveCfg = Debug|Any CPU
		{A3B0BEBF-A07D-46B8-B373-1CD77243E92A}.Debug|Any CPU.Build.0 = Debug|Any CPU
		{A3B0BEBF-A07D-46B8-B373-1CD77243E92A}.Debug|ARM.ActiveCfg = Debug|Any CPU
		{A3B0BEBF-A07D-46B8-B373-1CD77243E92A}.Debug|ARM.Build.0 = Debug|Any CPU
		{A3B0BEBF-A07D-46B8-B373-1CD77243E92A}.Debug|iPhone.ActiveCfg = Debug|Any CPU
		{A3B0BEBF-A07D-46B8-B373-1CD77243E92A}.Debug|iPhone.Build.0 = Debug|Any CPU
		{A3B0BEBF-A07D-46B8-B373-1CD77243E92A}.Debug|iPhoneSimulator.ActiveCfg = Debug|Any CPU
		{A3B0BEBF-A07D-46B8-B373-1CD77243E92A}.Debug|iPhoneSimulator.Build.0 = Debug|Any CPU
		{A3B0BEBF-A07D-46B8-B373-1CD77243E92A}.Debug|x64.ActiveCfg = Debug|Any CPU
		{A3B0BEBF-A07D-46B8-B373-1CD77243E92A}.Debug|x64.Build.0 = Debug|Any CPU
		{A3B0BEBF-A07D-46B8-B373-1CD77243E92A}.Debug|x86.ActiveCfg = Debug|Any CPU
		{A3B0BEBF-A07D-46B8-B373-1CD77243E92A}.Debug|x86.Build.0 = Debug|Any CPU
		{A3B0BEBF-A07D-46B8-B373-1CD77243E92A}.Release|Any CPU.ActiveCfg = Release|Any CPU
		{A3B0BEBF-A07D-46B8-B373-1CD77243E92A}.Release|Any CPU.Build.0 = Release|Any CPU
		{A3B0BEBF-A07D-46B8-B373-1CD77243E92A}.Release|ARM.ActiveCfg = Release|Any CPU
		{A3B0BEBF-A07D-46B8-B373-1CD77243E92A}.Release|ARM.Build.0 = Release|Any CPU
		{A3B0BEBF-A07D-46B8-B373-1CD77243E92A}.Release|iPhone.ActiveCfg = Release|Any CPU
		{A3B0BEBF-A07D-46B8-B373-1CD77243E92A}.Release|iPhone.Build.0 = Release|Any CPU
		{A3B0BEBF-A07D-46B8-B373-1CD77243E92A}.Release|iPhoneSimulator.ActiveCfg = Release|Any CPU
		{A3B0BEBF-A07D-46B8-B373-1CD77243E92A}.Release|iPhoneSimulator.Build.0 = Release|Any CPU
		{A3B0BEBF-A07D-46B8-B373-1CD77243E92A}.Release|x64.ActiveCfg = Release|Any CPU
		{A3B0BEBF-A07D-46B8-B373-1CD77243E92A}.Release|x64.Build.0 = Release|Any CPU
		{A3B0BEBF-A07D-46B8-B373-1CD77243E92A}.Release|x86.ActiveCfg = Release|Any CPU
		{A3B0BEBF-A07D-46B8-B373-1CD77243E92A}.Release|x86.Build.0 = Release|Any CPU
		{CA5A59D9-C379-4FDE-AA0A-F407674EBE91}.Ad-Hoc|Any CPU.ActiveCfg = Debug|Any CPU
		{CA5A59D9-C379-4FDE-AA0A-F407674EBE91}.Ad-Hoc|Any CPU.Build.0 = Debug|Any CPU
		{CA5A59D9-C379-4FDE-AA0A-F407674EBE91}.Ad-Hoc|ARM.ActiveCfg = Debug|Any CPU
		{CA5A59D9-C379-4FDE-AA0A-F407674EBE91}.Ad-Hoc|ARM.Build.0 = Debug|Any CPU
		{CA5A59D9-C379-4FDE-AA0A-F407674EBE91}.Ad-Hoc|iPhone.ActiveCfg = Debug|Any CPU
		{CA5A59D9-C379-4FDE-AA0A-F407674EBE91}.Ad-Hoc|iPhone.Build.0 = Debug|Any CPU
		{CA5A59D9-C379-4FDE-AA0A-F407674EBE91}.Ad-Hoc|iPhoneSimulator.ActiveCfg = Debug|Any CPU
		{CA5A59D9-C379-4FDE-AA0A-F407674EBE91}.Ad-Hoc|iPhoneSimulator.Build.0 = Debug|Any CPU
		{CA5A59D9-C379-4FDE-AA0A-F407674EBE91}.Ad-Hoc|x64.ActiveCfg = Debug|Any CPU
		{CA5A59D9-C379-4FDE-AA0A-F407674EBE91}.Ad-Hoc|x64.Build.0 = Debug|Any CPU
		{CA5A59D9-C379-4FDE-AA0A-F407674EBE91}.Ad-Hoc|x86.ActiveCfg = Debug|Any CPU
		{CA5A59D9-C379-4FDE-AA0A-F407674EBE91}.Ad-Hoc|x86.Build.0 = Debug|Any CPU
		{CA5A59D9-C379-4FDE-AA0A-F407674EBE91}.AppStore|Any CPU.ActiveCfg = Debug|Any CPU
		{CA5A59D9-C379-4FDE-AA0A-F407674EBE91}.AppStore|Any CPU.Build.0 = Debug|Any CPU
		{CA5A59D9-C379-4FDE-AA0A-F407674EBE91}.AppStore|ARM.ActiveCfg = Debug|Any CPU
		{CA5A59D9-C379-4FDE-AA0A-F407674EBE91}.AppStore|ARM.Build.0 = Debug|Any CPU
		{CA5A59D9-C379-4FDE-AA0A-F407674EBE91}.AppStore|iPhone.ActiveCfg = Debug|Any CPU
		{CA5A59D9-C379-4FDE-AA0A-F407674EBE91}.AppStore|iPhone.Build.0 = Debug|Any CPU
		{CA5A59D9-C379-4FDE-AA0A-F407674EBE91}.AppStore|iPhoneSimulator.ActiveCfg = Debug|Any CPU
		{CA5A59D9-C379-4FDE-AA0A-F407674EBE91}.AppStore|iPhoneSimulator.Build.0 = Debug|Any CPU
		{CA5A59D9-C379-4FDE-AA0A-F407674EBE91}.AppStore|x64.ActiveCfg = Debug|Any CPU
		{CA5A59D9-C379-4FDE-AA0A-F407674EBE91}.AppStore|x64.Build.0 = Debug|Any CPU
		{CA5A59D9-C379-4FDE-AA0A-F407674EBE91}.AppStore|x86.ActiveCfg = Debug|Any CPU
		{CA5A59D9-C379-4FDE-AA0A-F407674EBE91}.AppStore|x86.Build.0 = Debug|Any CPU
		{CA5A59D9-C379-4FDE-AA0A-F407674EBE91}.Debug|Any CPU.ActiveCfg = Debug|Any CPU
		{CA5A59D9-C379-4FDE-AA0A-F407674EBE91}.Debug|Any CPU.Build.0 = Debug|Any CPU
		{CA5A59D9-C379-4FDE-AA0A-F407674EBE91}.Debug|ARM.ActiveCfg = Debug|Any CPU
		{CA5A59D9-C379-4FDE-AA0A-F407674EBE91}.Debug|ARM.Build.0 = Debug|Any CPU
		{CA5A59D9-C379-4FDE-AA0A-F407674EBE91}.Debug|iPhone.ActiveCfg = Debug|Any CPU
		{CA5A59D9-C379-4FDE-AA0A-F407674EBE91}.Debug|iPhone.Build.0 = Debug|Any CPU
		{CA5A59D9-C379-4FDE-AA0A-F407674EBE91}.Debug|iPhoneSimulator.ActiveCfg = Debug|Any CPU
		{CA5A59D9-C379-4FDE-AA0A-F407674EBE91}.Debug|iPhoneSimulator.Build.0 = Debug|Any CPU
		{CA5A59D9-C379-4FDE-AA0A-F407674EBE91}.Debug|x64.ActiveCfg = Debug|Any CPU
		{CA5A59D9-C379-4FDE-AA0A-F407674EBE91}.Debug|x64.Build.0 = Debug|Any CPU
		{CA5A59D9-C379-4FDE-AA0A-F407674EBE91}.Debug|x86.ActiveCfg = Debug|Any CPU
		{CA5A59D9-C379-4FDE-AA0A-F407674EBE91}.Debug|x86.Build.0 = Debug|Any CPU
		{CA5A59D9-C379-4FDE-AA0A-F407674EBE91}.Release|Any CPU.ActiveCfg = Release|Any CPU
		{CA5A59D9-C379-4FDE-AA0A-F407674EBE91}.Release|Any CPU.Build.0 = Release|Any CPU
		{CA5A59D9-C379-4FDE-AA0A-F407674EBE91}.Release|ARM.ActiveCfg = Release|Any CPU
		{CA5A59D9-C379-4FDE-AA0A-F407674EBE91}.Release|ARM.Build.0 = Release|Any CPU
		{CA5A59D9-C379-4FDE-AA0A-F407674EBE91}.Release|iPhone.ActiveCfg = Release|Any CPU
		{CA5A59D9-C379-4FDE-AA0A-F407674EBE91}.Release|iPhone.Build.0 = Release|Any CPU
		{CA5A59D9-C379-4FDE-AA0A-F407674EBE91}.Release|iPhoneSimulator.ActiveCfg = Release|Any CPU
		{CA5A59D9-C379-4FDE-AA0A-F407674EBE91}.Release|iPhoneSimulator.Build.0 = Release|Any CPU
		{CA5A59D9-C379-4FDE-AA0A-F407674EBE91}.Release|x64.ActiveCfg = Release|Any CPU
		{CA5A59D9-C379-4FDE-AA0A-F407674EBE91}.Release|x64.Build.0 = Release|Any CPU
		{CA5A59D9-C379-4FDE-AA0A-F407674EBE91}.Release|x86.ActiveCfg = Release|Any CPU
		{CA5A59D9-C379-4FDE-AA0A-F407674EBE91}.Release|x86.Build.0 = Release|Any CPU
	EndGlobalSection
	GlobalSection(SolutionProperties) = preSolution
		HideSolutionNode = FALSE
	EndGlobalSection
	GlobalSection(ExtensibilityGlobals) = postSolution
		SolutionGuid = {DEE4AADC-41AD-4EAB-BB99-8E65FE0699AF}
	EndGlobalSection
EndGlobal
