
Microsoft Visual Studio Solution File, Format Version 12.00
# Visual Studio Version 16
VisualStudioVersion = 16.0.29709.97
MinimumVisualStudioVersion = 10.0.40219.1
Project("{9A19103F-16F7-4668-BE54-9A1E7A4F7556}") = "Blauhaus.Analytics.Abstractions", "Blauhaus.Analytics.Abstractions\Blauhaus.Analytics.Abstractions.csproj", "{8D5641CB-7191-4A32-BBB9-99A1AAE630F8}"
EndProject
Project("{9A19103F-16F7-4668-BE54-9A1E7A4F7556}") = "Blauhaus.Analytics.Xamarin", "Blauhaus.Analytics.Xamarin\Blauhaus.Analytics.Xamarin.csproj", "{739B0DB7-C5DB-47F2-8BD2-A8CAEEAEFEF2}"
EndProject
Project("{9A19103F-16F7-4668-BE54-9A1E7A4F7556}") = "Blauhaus.Analytics.AspNetCore", "Blauhaus.Analytics.AspNetCore\Blauhaus.Analytics.AspNetCore.csproj", "{B64A36EC-E93C-4E45-A886-4FF527FD24AD}"
EndProject
Project("{9A19103F-16F7-4668-BE54-9A1E7A4F7556}") = "Blauhaus.Analytics.Tests", "Blauhaus.Analytics.Tests\Blauhaus.Analytics.Tests.csproj", "{4667D1C5-BC5F-42B4-B1D6-C2D6A89FF293}"
EndProject
Project("{9A19103F-16F7-4668-BE54-9A1E7A4F7556}") = "Blauhaus.Analytics.Console", "Blauhaus.Analytics.Console\Blauhaus.Analytics.Console.csproj", "{FA30529B-BAB0-46E2-B050-AD6C025E14CF}"
EndProject
Project("{9A19103F-16F7-4668-BE54-9A1E7A4F7556}") = "Blauhaus.Analytics.Common", "Blauhaus.Analytics.Common\Blauhaus.Analytics.Common.csproj", "{1C6094CB-EFA2-46F8-B79C-ADAF7716B213}"
EndProject
Project("{2150E333-8FDC-42A3-9474-1A3956D46DE8}") = "Solution Items", "Solution Items", "{961727B8-48A9-4F54-9BDB-A803D8AC6243}"
	ProjectSection(SolutionItems) = preProject
		..\.github\workflows\blauhaus.yml = ..\.github\workflows\blauhaus.yml
	EndProjectSection
EndProject
Project("{2150E333-8FDC-42A3-9474-1A3956D46DE8}") = "Samples", "Samples", "{A3C15607-0D45-4B3B-9AC0-435947E929A9}"
EndProject
Project("{9A19103F-16F7-4668-BE54-9A1E7A4F7556}") = "Blauhaus.Analytics.Samples.BlazorServer", "Samples\Blauhaus.Analytics.Samples.BlazorServer\Blauhaus.Analytics.Samples.BlazorServer.csproj", "{FC5D8DE4-3C7B-4976-BA9E-03565E260695}"
EndProject
Project("{FAE04EC0-301F-11D3-BF4B-00C04F79EFBC}") = "Blauhaus.Analytics.Samples.BlazorClient", "Samples\Blauhaus.Analytics.Samples.BlazorClient\Blauhaus.Analytics.Samples.BlazorClient.csproj", "{45FE43A6-DB28-4C19-97BF-7A80C7B4C402}"
EndProject
Global
	GlobalSection(SolutionConfigurationPlatforms) = preSolution
		Debug|Any CPU = Debug|Any CPU
		Release|Any CPU = Release|Any CPU
	EndGlobalSection
	GlobalSection(ProjectConfigurationPlatforms) = postSolution
		{8D5641CB-7191-4A32-BBB9-99A1AAE630F8}.Debug|Any CPU.ActiveCfg = Debug|Any CPU
		{8D5641CB-7191-4A32-BBB9-99A1AAE630F8}.Debug|Any CPU.Build.0 = Debug|Any CPU
		{8D5641CB-7191-4A32-BBB9-99A1AAE630F8}.Release|Any CPU.ActiveCfg = Release|Any CPU
		{8D5641CB-7191-4A32-BBB9-99A1AAE630F8}.Release|Any CPU.Build.0 = Release|Any CPU
		{739B0DB7-C5DB-47F2-8BD2-A8CAEEAEFEF2}.Debug|Any CPU.ActiveCfg = Debug|Any CPU
		{739B0DB7-C5DB-47F2-8BD2-A8CAEEAEFEF2}.Debug|Any CPU.Build.0 = Debug|Any CPU
		{739B0DB7-C5DB-47F2-8BD2-A8CAEEAEFEF2}.Release|Any CPU.ActiveCfg = Release|Any CPU
		{739B0DB7-C5DB-47F2-8BD2-A8CAEEAEFEF2}.Release|Any CPU.Build.0 = Release|Any CPU
		{B64A36EC-E93C-4E45-A886-4FF527FD24AD}.Debug|Any CPU.ActiveCfg = Debug|Any CPU
		{B64A36EC-E93C-4E45-A886-4FF527FD24AD}.Debug|Any CPU.Build.0 = Debug|Any CPU
		{B64A36EC-E93C-4E45-A886-4FF527FD24AD}.Release|Any CPU.ActiveCfg = Release|Any CPU
		{B64A36EC-E93C-4E45-A886-4FF527FD24AD}.Release|Any CPU.Build.0 = Release|Any CPU
		{4667D1C5-BC5F-42B4-B1D6-C2D6A89FF293}.Debug|Any CPU.ActiveCfg = Debug|Any CPU
		{4667D1C5-BC5F-42B4-B1D6-C2D6A89FF293}.Debug|Any CPU.Build.0 = Debug|Any CPU
		{4667D1C5-BC5F-42B4-B1D6-C2D6A89FF293}.Release|Any CPU.ActiveCfg = Release|Any CPU
		{4667D1C5-BC5F-42B4-B1D6-C2D6A89FF293}.Release|Any CPU.Build.0 = Release|Any CPU
		{FA30529B-BAB0-46E2-B050-AD6C025E14CF}.Debug|Any CPU.ActiveCfg = Debug|Any CPU
		{FA30529B-BAB0-46E2-B050-AD6C025E14CF}.Debug|Any CPU.Build.0 = Debug|Any CPU
		{FA30529B-BAB0-46E2-B050-AD6C025E14CF}.Release|Any CPU.ActiveCfg = Release|Any CPU
		{FA30529B-BAB0-46E2-B050-AD6C025E14CF}.Release|Any CPU.Build.0 = Release|Any CPU
		{1C6094CB-EFA2-46F8-B79C-ADAF7716B213}.Debug|Any CPU.ActiveCfg = Debug|Any CPU
		{1C6094CB-EFA2-46F8-B79C-ADAF7716B213}.Debug|Any CPU.Build.0 = Debug|Any CPU
		{1C6094CB-EFA2-46F8-B79C-ADAF7716B213}.Release|Any CPU.ActiveCfg = Release|Any CPU
		{1C6094CB-EFA2-46F8-B79C-ADAF7716B213}.Release|Any CPU.Build.0 = Release|Any CPU
		{FC5D8DE4-3C7B-4976-BA9E-03565E260695}.Debug|Any CPU.ActiveCfg = Debug|Any CPU
		{FC5D8DE4-3C7B-4976-BA9E-03565E260695}.Debug|Any CPU.Build.0 = Debug|Any CPU
		{FC5D8DE4-3C7B-4976-BA9E-03565E260695}.Release|Any CPU.ActiveCfg = Release|Any CPU
		{FC5D8DE4-3C7B-4976-BA9E-03565E260695}.Release|Any CPU.Build.0 = Release|Any CPU
		{45FE43A6-DB28-4C19-97BF-7A80C7B4C402}.Debug|Any CPU.ActiveCfg = Debug|Any CPU
		{45FE43A6-DB28-4C19-97BF-7A80C7B4C402}.Debug|Any CPU.Build.0 = Debug|Any CPU
		{45FE43A6-DB28-4C19-97BF-7A80C7B4C402}.Release|Any CPU.ActiveCfg = Release|Any CPU
		{45FE43A6-DB28-4C19-97BF-7A80C7B4C402}.Release|Any CPU.Build.0 = Release|Any CPU
	EndGlobalSection
	GlobalSection(SolutionProperties) = preSolution
		HideSolutionNode = FALSE
	EndGlobalSection
	GlobalSection(NestedProjects) = preSolution
		{FC5D8DE4-3C7B-4976-BA9E-03565E260695} = {A3C15607-0D45-4B3B-9AC0-435947E929A9}
		{45FE43A6-DB28-4C19-97BF-7A80C7B4C402} = {A3C15607-0D45-4B3B-9AC0-435947E929A9}
	EndGlobalSection
	GlobalSection(ExtensibilityGlobals) = postSolution
		SolutionGuid = {DEE4AADC-41AD-4EAB-BB99-8E65FE0699AF}
	EndGlobalSection
EndGlobal
