
Microsoft Visual Studio Solution File, Format Version 12.00
# Visual Studio Version 16
VisualStudioVersion = 16.0.29709.97
MinimumVisualStudioVersion = 10.0.40219.1
Project("{9A19103F-16F7-4668-BE54-9A1E7A4F7556}") = "Blauhaus.Analytics.Abstractions", "Blauhaus.Analytics.Abstractions\Blauhaus.Analytics.Abstractions.csproj", "{8D5641CB-7191-4A32-BBB9-99A1AAE630F8}"
EndProject
Project("{9A19103F-16F7-4668-BE54-9A1E7A4F7556}") = "Blauhaus.Analytics.Xamarin", "Blauhaus.Analytics.Xamarin\Blauhaus.Analytics.Xamarin.csproj", "{739B0DB7-C5DB-47F2-8BD2-A8CAEEAEFEF2}"
EndProject
Project("{9A19103F-16F7-4668-BE54-9A1E7A4F7556}") = "Blauhaus.Analytics.AspNetCore", "Blauhaus.Analytics.AspNetCore\Blauhaus.Analytics.AspNetCore.csproj", "{B64A36EC-E93C-4E45-A886-4FF527FD24AD}"
EndProject
Project("{9A19103F-16F7-4668-BE54-9A1E7A4F7556}") = "Blauhaus.Analytics.Tests", "Blauhaus.Analytics.Tests\Blauhaus.Analytics.Tests.csproj", "{4667D1C5-BC5F-42B4-B1D6-C2D6A89FF293}"
EndProject
Project("{9A19103F-16F7-4668-BE54-9A1E7A4F7556}") = "Blauhaus.Analytics.Console", "Blauhaus.Analytics.Console\Blauhaus.Analytics.Console.csproj", "{FA30529B-BAB0-46E2-B050-AD6C025E14CF}"
EndProject
Project("{9A19103F-16F7-4668-BE54-9A1E7A4F7556}") = "Blauhaus.Analytics.Common", "Blauhaus.Analytics.Common\Blauhaus.Analytics.Common.csproj", "{1C6094CB-EFA2-46F8-B79C-ADAF7716B213}"
EndProject
Project("{2150E333-8FDC-42A3-9474-1A3956D46DE8}") = "Solution Items", "Solution Items", "{961727B8-48A9-4F54-9BDB-A803D8AC6243}"
	ProjectSection(SolutionItems) = preProject
		..\.github\workflows\blauhaus.yml = ..\.github\workflows\blauhaus.yml
	EndProjectSection
EndProject
Project("{2150E333-8FDC-42A3-9474-1A3956D46DE8}") = "Samples", "Samples", "{A3C15607-0D45-4B3B-9AC0-435947E929A9}"
EndProject
Project("{9A19103F-16F7-4668-BE54-9A1E7A4F7556}") = "Blauhaus.Analytics.Samples.BlazorServer", "Samples\Samples.Blazor\Blauhaus.Analytics.Samples.BlazorServer\Blauhaus.Analytics.Samples.BlazorServer.csproj", "{FC5D8DE4-3C7B-4976-BA9E-03565E260695}"
EndProject
Project("{9A19103F-16F7-4668-BE54-9A1E7A4F7556}") = "Blauhaus.Analytics.Samples.BlazorClient", "Samples\Samples.Blazor\Blauhaus.Analytics.Samples.BlazorClient\Blauhaus.Analytics.Samples.BlazorClient.csproj", "{45FE43A6-DB28-4C19-97BF-7A80C7B4C402}"
EndProject
Project("{2150E333-8FDC-42A3-9474-1A3956D46DE8}") = "Blazor", "Blazor", "{3D46D676-B5FC-4CED-BFED-217D7E6FB18A}"
EndProject
Project("{2150E333-8FDC-42A3-9474-1A3956D46DE8}") = "Xamarin", "Xamarin", "{1B275E5C-0B6B-4722-96D3-3316D87DB3A3}"
EndProject
Project("{FAE04EC0-301F-11D3-BF4B-00C04F79EFBC}") = "Samples.Xamarin.UWP", "Samples\Samples.Xamarin\Samples.Xamarin\Samples.Xamarin.UWP\Samples.Xamarin.UWP.csproj", "{43CE5505-DEAE-41CA-A04C-F8E17014C74E}"
EndProject
Project("{FAE04EC0-301F-11D3-BF4B-00C04F79EFBC}") = "Samples.Xamarin.Android", "Samples\Samples.Xamarin\Samples.Xamarin\Samples.Xamarin.Android\Samples.Xamarin.Android.csproj", "{5EA9CE96-0821-4881-951C-935A5755BF00}"
EndProject
Project("{FAE04EC0-301F-11D3-BF4B-00C04F79EFBC}") = "Samples.Xamarin.iOS", "Samples\Samples.Xamarin\Samples.Xamarin\Samples.Xamarin.iOS\Samples.Xamarin.iOS.csproj", "{4EE1F4A6-17D2-4BCD-ADB7-39FEDF1DEAE4}"
EndProject
Project("{FAE04EC0-301F-11D3-BF4B-00C04F79EFBC}") = "Samples.Xamarin", "Samples\Samples.Xamarin\Samples.Xamarin\Samples.Xamarin\Samples.Xamarin.csproj", "{D76F9447-EF3B-4519-B6E0-C82D02E5BCF3}"
EndProject
Global
	GlobalSection(SolutionConfigurationPlatforms) = preSolution
		Debug|Any CPU = Debug|Any CPU
		Debug|ARM = Debug|ARM
		Debug|iPhone = Debug|iPhone
		Debug|iPhoneSimulator = Debug|iPhoneSimulator
		Debug|x64 = Debug|x64
		Debug|x86 = Debug|x86
		Release|Any CPU = Release|Any CPU
		Release|ARM = Release|ARM
		Release|iPhone = Release|iPhone
		Release|iPhoneSimulator = Release|iPhoneSimulator
		Release|x64 = Release|x64
		Release|x86 = Release|x86
	EndGlobalSection
	GlobalSection(ProjectConfigurationPlatforms) = postSolution
		{8D5641CB-7191-4A32-BBB9-99A1AAE630F8}.Debug|Any CPU.ActiveCfg = Debug|Any CPU
		{8D5641CB-7191-4A32-BBB9-99A1AAE630F8}.Debug|Any CPU.Build.0 = Debug|Any CPU
		{8D5641CB-7191-4A32-BBB9-99A1AAE630F8}.Debug|ARM.ActiveCfg = Debug|Any CPU
		{8D5641CB-7191-4A32-BBB9-99A1AAE630F8}.Debug|ARM.Build.0 = Debug|Any CPU
		{8D5641CB-7191-4A32-BBB9-99A1AAE630F8}.Debug|iPhone.ActiveCfg = Debug|Any CPU
		{8D5641CB-7191-4A32-BBB9-99A1AAE630F8}.Debug|iPhone.Build.0 = Debug|Any CPU
		{8D5641CB-7191-4A32-BBB9-99A1AAE630F8}.Debug|iPhoneSimulator.ActiveCfg = Debug|Any CPU
		{8D5641CB-7191-4A32-BBB9-99A1AAE630F8}.Debug|iPhoneSimulator.Build.0 = Debug|Any CPU
		{8D5641CB-7191-4A32-BBB9-99A1AAE630F8}.Debug|x64.ActiveCfg = Debug|Any CPU
		{8D5641CB-7191-4A32-BBB9-99A1AAE630F8}.Debug|x64.Build.0 = Debug|Any CPU
		{8D5641CB-7191-4A32-BBB9-99A1AAE630F8}.Debug|x86.ActiveCfg = Debug|Any CPU
		{8D5641CB-7191-4A32-BBB9-99A1AAE630F8}.Debug|x86.Build.0 = Debug|Any CPU
		{8D5641CB-7191-4A32-BBB9-99A1AAE630F8}.Release|Any CPU.ActiveCfg = Release|Any CPU
		{8D5641CB-7191-4A32-BBB9-99A1AAE630F8}.Release|Any CPU.Build.0 = Release|Any CPU
		{8D5641CB-7191-4A32-BBB9-99A1AAE630F8}.Release|ARM.ActiveCfg = Release|Any CPU
		{8D5641CB-7191-4A32-BBB9-99A1AAE630F8}.Release|ARM.Build.0 = Release|Any CPU
		{8D5641CB-7191-4A32-BBB9-99A1AAE630F8}.Release|iPhone.ActiveCfg = Release|Any CPU
		{8D5641CB-7191-4A32-BBB9-99A1AAE630F8}.Release|iPhone.Build.0 = Release|Any CPU
		{8D5641CB-7191-4A32-BBB9-99A1AAE630F8}.Release|iPhoneSimulator.ActiveCfg = Release|Any CPU
		{8D5641CB-7191-4A32-BBB9-99A1AAE630F8}.Release|iPhoneSimulator.Build.0 = Release|Any CPU
		{8D5641CB-7191-4A32-BBB9-99A1AAE630F8}.Release|x64.ActiveCfg = Release|Any CPU
		{8D5641CB-7191-4A32-BBB9-99A1AAE630F8}.Release|x64.Build.0 = Release|Any CPU
		{8D5641CB-7191-4A32-BBB9-99A1AAE630F8}.Release|x86.ActiveCfg = Release|Any CPU
		{8D5641CB-7191-4A32-BBB9-99A1AAE630F8}.Release|x86.Build.0 = Release|Any CPU
		{739B0DB7-C5DB-47F2-8BD2-A8CAEEAEFEF2}.Debug|Any CPU.ActiveCfg = Debug|Any CPU
		{739B0DB7-C5DB-47F2-8BD2-A8CAEEAEFEF2}.Debug|Any CPU.Build.0 = Debug|Any CPU
		{739B0DB7-C5DB-47F2-8BD2-A8CAEEAEFEF2}.Debug|ARM.ActiveCfg = Debug|Any CPU
		{739B0DB7-C5DB-47F2-8BD2-A8CAEEAEFEF2}.Debug|ARM.Build.0 = Debug|Any CPU
		{739B0DB7-C5DB-47F2-8BD2-A8CAEEAEFEF2}.Debug|iPhone.ActiveCfg = Debug|Any CPU
		{739B0DB7-C5DB-47F2-8BD2-A8CAEEAEFEF2}.Debug|iPhone.Build.0 = Debug|Any CPU
		{739B0DB7-C5DB-47F2-8BD2-A8CAEEAEFEF2}.Debug|iPhoneSimulator.ActiveCfg = Debug|Any CPU
		{739B0DB7-C5DB-47F2-8BD2-A8CAEEAEFEF2}.Debug|iPhoneSimulator.Build.0 = Debug|Any CPU
		{739B0DB7-C5DB-47F2-8BD2-A8CAEEAEFEF2}.Debug|x64.ActiveCfg = Debug|Any CPU
		{739B0DB7-C5DB-47F2-8BD2-A8CAEEAEFEF2}.Debug|x64.Build.0 = Debug|Any CPU
		{739B0DB7-C5DB-47F2-8BD2-A8CAEEAEFEF2}.Debug|x86.ActiveCfg = Debug|Any CPU
		{739B0DB7-C5DB-47F2-8BD2-A8CAEEAEFEF2}.Debug|x86.Build.0 = Debug|Any CPU
		{739B0DB7-C5DB-47F2-8BD2-A8CAEEAEFEF2}.Release|Any CPU.ActiveCfg = Release|Any CPU
		{739B0DB7-C5DB-47F2-8BD2-A8CAEEAEFEF2}.Release|Any CPU.Build.0 = Release|Any CPU
		{739B0DB7-C5DB-47F2-8BD2-A8CAEEAEFEF2}.Release|ARM.ActiveCfg = Release|Any CPU
		{739B0DB7-C5DB-47F2-8BD2-A8CAEEAEFEF2}.Release|ARM.Build.0 = Release|Any CPU
		{739B0DB7-C5DB-47F2-8BD2-A8CAEEAEFEF2}.Release|iPhone.ActiveCfg = Release|Any CPU
		{739B0DB7-C5DB-47F2-8BD2-A8CAEEAEFEF2}.Release|iPhone.Build.0 = Release|Any CPU
		{739B0DB7-C5DB-47F2-8BD2-A8CAEEAEFEF2}.Release|iPhoneSimulator.ActiveCfg = Release|Any CPU
		{739B0DB7-C5DB-47F2-8BD2-A8CAEEAEFEF2}.Release|iPhoneSimulator.Build.0 = Release|Any CPU
		{739B0DB7-C5DB-47F2-8BD2-A8CAEEAEFEF2}.Release|x64.ActiveCfg = Release|Any CPU
		{739B0DB7-C5DB-47F2-8BD2-A8CAEEAEFEF2}.Release|x64.Build.0 = Release|Any CPU
		{739B0DB7-C5DB-47F2-8BD2-A8CAEEAEFEF2}.Release|x86.ActiveCfg = Release|Any CPU
		{739B0DB7-C5DB-47F2-8BD2-A8CAEEAEFEF2}.Release|x86.Build.0 = Release|Any CPU
		{B64A36EC-E93C-4E45-A886-4FF527FD24AD}.Debug|Any CPU.ActiveCfg = Debug|Any CPU
		{B64A36EC-E93C-4E45-A886-4FF527FD24AD}.Debug|Any CPU.Build.0 = Debug|Any CPU
		{B64A36EC-E93C-4E45-A886-4FF527FD24AD}.Debug|ARM.ActiveCfg = Debug|Any CPU
		{B64A36EC-E93C-4E45-A886-4FF527FD24AD}.Debug|ARM.Build.0 = Debug|Any CPU
		{B64A36EC-E93C-4E45-A886-4FF527FD24AD}.Debug|iPhone.ActiveCfg = Debug|Any CPU
		{B64A36EC-E93C-4E45-A886-4FF527FD24AD}.Debug|iPhone.Build.0 = Debug|Any CPU
		{B64A36EC-E93C-4E45-A886-4FF527FD24AD}.Debug|iPhoneSimulator.ActiveCfg = Debug|Any CPU
		{B64A36EC-E93C-4E45-A886-4FF527FD24AD}.Debug|iPhoneSimulator.Build.0 = Debug|Any CPU
		{B64A36EC-E93C-4E45-A886-4FF527FD24AD}.Debug|x64.ActiveCfg = Debug|Any CPU
		{B64A36EC-E93C-4E45-A886-4FF527FD24AD}.Debug|x64.Build.0 = Debug|Any CPU
		{B64A36EC-E93C-4E45-A886-4FF527FD24AD}.Debug|x86.ActiveCfg = Debug|Any CPU
		{B64A36EC-E93C-4E45-A886-4FF527FD24AD}.Debug|x86.Build.0 = Debug|Any CPU
		{B64A36EC-E93C-4E45-A886-4FF527FD24AD}.Release|Any CPU.ActiveCfg = Release|Any CPU
		{B64A36EC-E93C-4E45-A886-4FF527FD24AD}.Release|Any CPU.Build.0 = Release|Any CPU
		{B64A36EC-E93C-4E45-A886-4FF527FD24AD}.Release|ARM.ActiveCfg = Release|Any CPU
		{B64A36EC-E93C-4E45-A886-4FF527FD24AD}.Release|ARM.Build.0 = Release|Any CPU
		{B64A36EC-E93C-4E45-A886-4FF527FD24AD}.Release|iPhone.ActiveCfg = Release|Any CPU
		{B64A36EC-E93C-4E45-A886-4FF527FD24AD}.Release|iPhone.Build.0 = Release|Any CPU
		{B64A36EC-E93C-4E45-A886-4FF527FD24AD}.Release|iPhoneSimulator.ActiveCfg = Release|Any CPU
		{B64A36EC-E93C-4E45-A886-4FF527FD24AD}.Release|iPhoneSimulator.Build.0 = Release|Any CPU
		{B64A36EC-E93C-4E45-A886-4FF527FD24AD}.Release|x64.ActiveCfg = Release|Any CPU
		{B64A36EC-E93C-4E45-A886-4FF527FD24AD}.Release|x64.Build.0 = Release|Any CPU
		{B64A36EC-E93C-4E45-A886-4FF527FD24AD}.Release|x86.ActiveCfg = Release|Any CPU
		{B64A36EC-E93C-4E45-A886-4FF527FD24AD}.Release|x86.Build.0 = Release|Any CPU
		{4667D1C5-BC5F-42B4-B1D6-C2D6A89FF293}.Debug|Any CPU.ActiveCfg = Debug|Any CPU
		{4667D1C5-BC5F-42B4-B1D6-C2D6A89FF293}.Debug|Any CPU.Build.0 = Debug|Any CPU
		{4667D1C5-BC5F-42B4-B1D6-C2D6A89FF293}.Debug|ARM.ActiveCfg = Debug|Any CPU
		{4667D1C5-BC5F-42B4-B1D6-C2D6A89FF293}.Debug|ARM.Build.0 = Debug|Any CPU
		{4667D1C5-BC5F-42B4-B1D6-C2D6A89FF293}.Debug|iPhone.ActiveCfg = Debug|Any CPU
		{4667D1C5-BC5F-42B4-B1D6-C2D6A89FF293}.Debug|iPhone.Build.0 = Debug|Any CPU
		{4667D1C5-BC5F-42B4-B1D6-C2D6A89FF293}.Debug|iPhoneSimulator.ActiveCfg = Debug|Any CPU
		{4667D1C5-BC5F-42B4-B1D6-C2D6A89FF293}.Debug|iPhoneSimulator.Build.0 = Debug|Any CPU
		{4667D1C5-BC5F-42B4-B1D6-C2D6A89FF293}.Debug|x64.ActiveCfg = Debug|Any CPU
		{4667D1C5-BC5F-42B4-B1D6-C2D6A89FF293}.Debug|x64.Build.0 = Debug|Any CPU
		{4667D1C5-BC5F-42B4-B1D6-C2D6A89FF293}.Debug|x86.ActiveCfg = Debug|Any CPU
		{4667D1C5-BC5F-42B4-B1D6-C2D6A89FF293}.Debug|x86.Build.0 = Debug|Any CPU
		{4667D1C5-BC5F-42B4-B1D6-C2D6A89FF293}.Release|Any CPU.ActiveCfg = Release|Any CPU
		{4667D1C5-BC5F-42B4-B1D6-C2D6A89FF293}.Release|Any CPU.Build.0 = Release|Any CPU
		{4667D1C5-BC5F-42B4-B1D6-C2D6A89FF293}.Release|ARM.ActiveCfg = Release|Any CPU
		{4667D1C5-BC5F-42B4-B1D6-C2D6A89FF293}.Release|ARM.Build.0 = Release|Any CPU
		{4667D1C5-BC5F-42B4-B1D6-C2D6A89FF293}.Release|iPhone.ActiveCfg = Release|Any CPU
		{4667D1C5-BC5F-42B4-B1D6-C2D6A89FF293}.Release|iPhone.Build.0 = Release|Any CPU
		{4667D1C5-BC5F-42B4-B1D6-C2D6A89FF293}.Release|iPhoneSimulator.ActiveCfg = Release|Any CPU
		{4667D1C5-BC5F-42B4-B1D6-C2D6A89FF293}.Release|iPhoneSimulator.Build.0 = Release|Any CPU
		{4667D1C5-BC5F-42B4-B1D6-C2D6A89FF293}.Release|x64.ActiveCfg = Release|Any CPU
		{4667D1C5-BC5F-42B4-B1D6-C2D6A89FF293}.Release|x64.Build.0 = Release|Any CPU
		{4667D1C5-BC5F-42B4-B1D6-C2D6A89FF293}.Release|x86.ActiveCfg = Release|Any CPU
		{4667D1C5-BC5F-42B4-B1D6-C2D6A89FF293}.Release|x86.Build.0 = Release|Any CPU
		{FA30529B-BAB0-46E2-B050-AD6C025E14CF}.Debug|Any CPU.ActiveCfg = Debug|Any CPU
		{FA30529B-BAB0-46E2-B050-AD6C025E14CF}.Debug|Any CPU.Build.0 = Debug|Any CPU
		{FA30529B-BAB0-46E2-B050-AD6C025E14CF}.Debug|ARM.ActiveCfg = Debug|Any CPU
		{FA30529B-BAB0-46E2-B050-AD6C025E14CF}.Debug|ARM.Build.0 = Debug|Any CPU
		{FA30529B-BAB0-46E2-B050-AD6C025E14CF}.Debug|iPhone.ActiveCfg = Debug|Any CPU
		{FA30529B-BAB0-46E2-B050-AD6C025E14CF}.Debug|iPhone.Build.0 = Debug|Any CPU
		{FA30529B-BAB0-46E2-B050-AD6C025E14CF}.Debug|iPhoneSimulator.ActiveCfg = Debug|Any CPU
		{FA30529B-BAB0-46E2-B050-AD6C025E14CF}.Debug|iPhoneSimulator.Build.0 = Debug|Any CPU
		{FA30529B-BAB0-46E2-B050-AD6C025E14CF}.Debug|x64.ActiveCfg = Debug|Any CPU
		{FA30529B-BAB0-46E2-B050-AD6C025E14CF}.Debug|x64.Build.0 = Debug|Any CPU
		{FA30529B-BAB0-46E2-B050-AD6C025E14CF}.Debug|x86.ActiveCfg = Debug|Any CPU
		{FA30529B-BAB0-46E2-B050-AD6C025E14CF}.Debug|x86.Build.0 = Debug|Any CPU
		{FA30529B-BAB0-46E2-B050-AD6C025E14CF}.Release|Any CPU.ActiveCfg = Release|Any CPU
		{FA30529B-BAB0-46E2-B050-AD6C025E14CF}.Release|Any CPU.Build.0 = Release|Any CPU
		{FA30529B-BAB0-46E2-B050-AD6C025E14CF}.Release|ARM.ActiveCfg = Release|Any CPU
		{FA30529B-BAB0-46E2-B050-AD6C025E14CF}.Release|ARM.Build.0 = Release|Any CPU
		{FA30529B-BAB0-46E2-B050-AD6C025E14CF}.Release|iPhone.ActiveCfg = Release|Any CPU
		{FA30529B-BAB0-46E2-B050-AD6C025E14CF}.Release|iPhone.Build.0 = Release|Any CPU
		{FA30529B-BAB0-46E2-B050-AD6C025E14CF}.Release|iPhoneSimulator.ActiveCfg = Release|Any CPU
		{FA30529B-BAB0-46E2-B050-AD6C025E14CF}.Release|iPhoneSimulator.Build.0 = Release|Any CPU
		{FA30529B-BAB0-46E2-B050-AD6C025E14CF}.Release|x64.ActiveCfg = Release|Any CPU
		{FA30529B-BAB0-46E2-B050-AD6C025E14CF}.Release|x64.Build.0 = Release|Any CPU
		{FA30529B-BAB0-46E2-B050-AD6C025E14CF}.Release|x86.ActiveCfg = Release|Any CPU
		{FA30529B-BAB0-46E2-B050-AD6C025E14CF}.Release|x86.Build.0 = Release|Any CPU
		{1C6094CB-EFA2-46F8-B79C-ADAF7716B213}.Debug|Any CPU.ActiveCfg = Debug|Any CPU
		{1C6094CB-EFA2-46F8-B79C-ADAF7716B213}.Debug|Any CPU.Build.0 = Debug|Any CPU
		{1C6094CB-EFA2-46F8-B79C-ADAF7716B213}.Debug|ARM.ActiveCfg = Debug|Any CPU
		{1C6094CB-EFA2-46F8-B79C-ADAF7716B213}.Debug|ARM.Build.0 = Debug|Any CPU
		{1C6094CB-EFA2-46F8-B79C-ADAF7716B213}.Debug|iPhone.ActiveCfg = Debug|Any CPU
		{1C6094CB-EFA2-46F8-B79C-ADAF7716B213}.Debug|iPhone.Build.0 = Debug|Any CPU
		{1C6094CB-EFA2-46F8-B79C-ADAF7716B213}.Debug|iPhoneSimulator.ActiveCfg = Debug|Any CPU
		{1C6094CB-EFA2-46F8-B79C-ADAF7716B213}.Debug|iPhoneSimulator.Build.0 = Debug|Any CPU
		{1C6094CB-EFA2-46F8-B79C-ADAF7716B213}.Debug|x64.ActiveCfg = Debug|Any CPU
		{1C6094CB-EFA2-46F8-B79C-ADAF7716B213}.Debug|x64.Build.0 = Debug|Any CPU
		{1C6094CB-EFA2-46F8-B79C-ADAF7716B213}.Debug|x86.ActiveCfg = Debug|Any CPU
		{1C6094CB-EFA2-46F8-B79C-ADAF7716B213}.Debug|x86.Build.0 = Debug|Any CPU
		{1C6094CB-EFA2-46F8-B79C-ADAF7716B213}.Release|Any CPU.ActiveCfg = Release|Any CPU
		{1C6094CB-EFA2-46F8-B79C-ADAF7716B213}.Release|Any CPU.Build.0 = Release|Any CPU
		{1C6094CB-EFA2-46F8-B79C-ADAF7716B213}.Release|ARM.ActiveCfg = Release|Any CPU
		{1C6094CB-EFA2-46F8-B79C-ADAF7716B213}.Release|ARM.Build.0 = Release|Any CPU
		{1C6094CB-EFA2-46F8-B79C-ADAF7716B213}.Release|iPhone.ActiveCfg = Release|Any CPU
		{1C6094CB-EFA2-46F8-B79C-ADAF7716B213}.Release|iPhone.Build.0 = Release|Any CPU
		{1C6094CB-EFA2-46F8-B79C-ADAF7716B213}.Release|iPhoneSimulator.ActiveCfg = Release|Any CPU
		{1C6094CB-EFA2-46F8-B79C-ADAF7716B213}.Release|iPhoneSimulator.Build.0 = Release|Any CPU
		{1C6094CB-EFA2-46F8-B79C-ADAF7716B213}.Release|x64.ActiveCfg = Release|Any CPU
		{1C6094CB-EFA2-46F8-B79C-ADAF7716B213}.Release|x64.Build.0 = Release|Any CPU
		{1C6094CB-EFA2-46F8-B79C-ADAF7716B213}.Release|x86.ActiveCfg = Release|Any CPU
		{1C6094CB-EFA2-46F8-B79C-ADAF7716B213}.Release|x86.Build.0 = Release|Any CPU
		{FC5D8DE4-3C7B-4976-BA9E-03565E260695}.Debug|Any CPU.ActiveCfg = Debug|Any CPU
		{FC5D8DE4-3C7B-4976-BA9E-03565E260695}.Debug|Any CPU.Build.0 = Debug|Any CPU
		{FC5D8DE4-3C7B-4976-BA9E-03565E260695}.Debug|ARM.ActiveCfg = Debug|Any CPU
		{FC5D8DE4-3C7B-4976-BA9E-03565E260695}.Debug|ARM.Build.0 = Debug|Any CPU
		{FC5D8DE4-3C7B-4976-BA9E-03565E260695}.Debug|iPhone.ActiveCfg = Debug|Any CPU
		{FC5D8DE4-3C7B-4976-BA9E-03565E260695}.Debug|iPhone.Build.0 = Debug|Any CPU
		{FC5D8DE4-3C7B-4976-BA9E-03565E260695}.Debug|iPhoneSimulator.ActiveCfg = Debug|Any CPU
		{FC5D8DE4-3C7B-4976-BA9E-03565E260695}.Debug|iPhoneSimulator.Build.0 = Debug|Any CPU
		{FC5D8DE4-3C7B-4976-BA9E-03565E260695}.Debug|x64.ActiveCfg = Debug|Any CPU
		{FC5D8DE4-3C7B-4976-BA9E-03565E260695}.Debug|x64.Build.0 = Debug|Any CPU
		{FC5D8DE4-3C7B-4976-BA9E-03565E260695}.Debug|x86.ActiveCfg = Debug|Any CPU
		{FC5D8DE4-3C7B-4976-BA9E-03565E260695}.Debug|x86.Build.0 = Debug|Any CPU
		{FC5D8DE4-3C7B-4976-BA9E-03565E260695}.Release|Any CPU.ActiveCfg = Release|Any CPU
		{FC5D8DE4-3C7B-4976-BA9E-03565E260695}.Release|Any CPU.Build.0 = Release|Any CPU
		{FC5D8DE4-3C7B-4976-BA9E-03565E260695}.Release|ARM.ActiveCfg = Release|Any CPU
		{FC5D8DE4-3C7B-4976-BA9E-03565E260695}.Release|ARM.Build.0 = Release|Any CPU
		{FC5D8DE4-3C7B-4976-BA9E-03565E260695}.Release|iPhone.ActiveCfg = Release|Any CPU
		{FC5D8DE4-3C7B-4976-BA9E-03565E260695}.Release|iPhone.Build.0 = Release|Any CPU
		{FC5D8DE4-3C7B-4976-BA9E-03565E260695}.Release|iPhoneSimulator.ActiveCfg = Release|Any CPU
		{FC5D8DE4-3C7B-4976-BA9E-03565E260695}.Release|iPhoneSimulator.Build.0 = Release|Any CPU
		{FC5D8DE4-3C7B-4976-BA9E-03565E260695}.Release|x64.ActiveCfg = Release|Any CPU
		{FC5D8DE4-3C7B-4976-BA9E-03565E260695}.Release|x64.Build.0 = Release|Any CPU
		{FC5D8DE4-3C7B-4976-BA9E-03565E260695}.Release|x86.ActiveCfg = Release|Any CPU
		{FC5D8DE4-3C7B-4976-BA9E-03565E260695}.Release|x86.Build.0 = Release|Any CPU
		{45FE43A6-DB28-4C19-97BF-7A80C7B4C402}.Debug|Any CPU.ActiveCfg = Debug|Any CPU
		{45FE43A6-DB28-4C19-97BF-7A80C7B4C402}.Debug|Any CPU.Build.0 = Debug|Any CPU
		{45FE43A6-DB28-4C19-97BF-7A80C7B4C402}.Debug|ARM.ActiveCfg = Debug|Any CPU
		{45FE43A6-DB28-4C19-97BF-7A80C7B4C402}.Debug|ARM.Build.0 = Debug|Any CPU
		{45FE43A6-DB28-4C19-97BF-7A80C7B4C402}.Debug|iPhone.ActiveCfg = Debug|Any CPU
		{45FE43A6-DB28-4C19-97BF-7A80C7B4C402}.Debug|iPhone.Build.0 = Debug|Any CPU
		{45FE43A6-DB28-4C19-97BF-7A80C7B4C402}.Debug|iPhoneSimulator.ActiveCfg = Debug|Any CPU
		{45FE43A6-DB28-4C19-97BF-7A80C7B4C402}.Debug|iPhoneSimulator.Build.0 = Debug|Any CPU
		{45FE43A6-DB28-4C19-97BF-7A80C7B4C402}.Debug|x64.ActiveCfg = Debug|Any CPU
		{45FE43A6-DB28-4C19-97BF-7A80C7B4C402}.Debug|x64.Build.0 = Debug|Any CPU
		{45FE43A6-DB28-4C19-97BF-7A80C7B4C402}.Debug|x86.ActiveCfg = Debug|Any CPU
		{45FE43A6-DB28-4C19-97BF-7A80C7B4C402}.Debug|x86.Build.0 = Debug|Any CPU
		{45FE43A6-DB28-4C19-97BF-7A80C7B4C402}.Release|Any CPU.ActiveCfg = Release|Any CPU
		{45FE43A6-DB28-4C19-97BF-7A80C7B4C402}.Release|Any CPU.Build.0 = Release|Any CPU
		{45FE43A6-DB28-4C19-97BF-7A80C7B4C402}.Release|ARM.ActiveCfg = Release|Any CPU
		{45FE43A6-DB28-4C19-97BF-7A80C7B4C402}.Release|ARM.Build.0 = Release|Any CPU
		{45FE43A6-DB28-4C19-97BF-7A80C7B4C402}.Release|iPhone.ActiveCfg = Release|Any CPU
		{45FE43A6-DB28-4C19-97BF-7A80C7B4C402}.Release|iPhone.Build.0 = Release|Any CPU
		{45FE43A6-DB28-4C19-97BF-7A80C7B4C402}.Release|iPhoneSimulator.ActiveCfg = Release|Any CPU
		{45FE43A6-DB28-4C19-97BF-7A80C7B4C402}.Release|iPhoneSimulator.Build.0 = Release|Any CPU
		{45FE43A6-DB28-4C19-97BF-7A80C7B4C402}.Release|x64.ActiveCfg = Release|Any CPU
		{45FE43A6-DB28-4C19-97BF-7A80C7B4C402}.Release|x64.Build.0 = Release|Any CPU
		{45FE43A6-DB28-4C19-97BF-7A80C7B4C402}.Release|x86.ActiveCfg = Release|Any CPU
		{45FE43A6-DB28-4C19-97BF-7A80C7B4C402}.Release|x86.Build.0 = Release|Any CPU
		{43CE5505-DEAE-41CA-A04C-F8E17014C74E}.Debug|Any CPU.ActiveCfg = Debug|x86
		{43CE5505-DEAE-41CA-A04C-F8E17014C74E}.Debug|ARM.ActiveCfg = Debug|ARM
		{43CE5505-DEAE-41CA-A04C-F8E17014C74E}.Debug|ARM.Build.0 = Debug|ARM
		{43CE5505-DEAE-41CA-A04C-F8E17014C74E}.Debug|ARM.Deploy.0 = Debug|ARM
		{43CE5505-DEAE-41CA-A04C-F8E17014C74E}.Debug|iPhone.ActiveCfg = Debug|x86
		{43CE5505-DEAE-41CA-A04C-F8E17014C74E}.Debug|iPhoneSimulator.ActiveCfg = Debug|x86
		{43CE5505-DEAE-41CA-A04C-F8E17014C74E}.Debug|x64.ActiveCfg = Debug|x64
		{43CE5505-DEAE-41CA-A04C-F8E17014C74E}.Debug|x64.Build.0 = Debug|x64
		{43CE5505-DEAE-41CA-A04C-F8E17014C74E}.Debug|x64.Deploy.0 = Debug|x64
		{43CE5505-DEAE-41CA-A04C-F8E17014C74E}.Debug|x86.ActiveCfg = Debug|x86
		{43CE5505-DEAE-41CA-A04C-F8E17014C74E}.Debug|x86.Build.0 = Debug|x86
		{43CE5505-DEAE-41CA-A04C-F8E17014C74E}.Debug|x86.Deploy.0 = Debug|x86
		{43CE5505-DEAE-41CA-A04C-F8E17014C74E}.Release|Any CPU.ActiveCfg = Release|x86
		{43CE5505-DEAE-41CA-A04C-F8E17014C74E}.Release|ARM.ActiveCfg = Release|ARM
		{43CE5505-DEAE-41CA-A04C-F8E17014C74E}.Release|ARM.Build.0 = Release|ARM
		{43CE5505-DEAE-41CA-A04C-F8E17014C74E}.Release|ARM.Deploy.0 = Release|ARM
		{43CE5505-DEAE-41CA-A04C-F8E17014C74E}.Release|iPhone.ActiveCfg = Release|x86
		{43CE5505-DEAE-41CA-A04C-F8E17014C74E}.Release|iPhoneSimulator.ActiveCfg = Release|x86
		{43CE5505-DEAE-41CA-A04C-F8E17014C74E}.Release|x64.ActiveCfg = Release|x64
		{43CE5505-DEAE-41CA-A04C-F8E17014C74E}.Release|x64.Build.0 = Release|x64
		{43CE5505-DEAE-41CA-A04C-F8E17014C74E}.Release|x64.Deploy.0 = Release|x64
		{43CE5505-DEAE-41CA-A04C-F8E17014C74E}.Release|x86.ActiveCfg = Release|x86
		{43CE5505-DEAE-41CA-A04C-F8E17014C74E}.Release|x86.Build.0 = Release|x86
		{43CE5505-DEAE-41CA-A04C-F8E17014C74E}.Release|x86.Deploy.0 = Release|x86
		{5EA9CE96-0821-4881-951C-935A5755BF00}.Debug|Any CPU.ActiveCfg = Debug|Any CPU
		{5EA9CE96-0821-4881-951C-935A5755BF00}.Debug|Any CPU.Build.0 = Debug|Any CPU
		{5EA9CE96-0821-4881-951C-935A5755BF00}.Debug|Any CPU.Deploy.0 = Debug|Any CPU
		{5EA9CE96-0821-4881-951C-935A5755BF00}.Debug|ARM.ActiveCfg = Debug|Any CPU
		{5EA9CE96-0821-4881-951C-935A5755BF00}.Debug|ARM.Build.0 = Debug|Any CPU
		{5EA9CE96-0821-4881-951C-935A5755BF00}.Debug|ARM.Deploy.0 = Debug|Any CPU
		{5EA9CE96-0821-4881-951C-935A5755BF00}.Debug|iPhone.ActiveCfg = Debug|Any CPU
		{5EA9CE96-0821-4881-951C-935A5755BF00}.Debug|iPhone.Build.0 = Debug|Any CPU
		{5EA9CE96-0821-4881-951C-935A5755BF00}.Debug|iPhone.Deploy.0 = Debug|Any CPU
		{5EA9CE96-0821-4881-951C-935A5755BF00}.Debug|iPhoneSimulator.ActiveCfg = Debug|Any CPU
		{5EA9CE96-0821-4881-951C-935A5755BF00}.Debug|iPhoneSimulator.Build.0 = Debug|Any CPU
		{5EA9CE96-0821-4881-951C-935A5755BF00}.Debug|iPhoneSimulator.Deploy.0 = Debug|Any CPU
		{5EA9CE96-0821-4881-951C-935A5755BF00}.Debug|x64.ActiveCfg = Debug|Any CPU
		{5EA9CE96-0821-4881-951C-935A5755BF00}.Debug|x64.Build.0 = Debug|Any CPU
		{5EA9CE96-0821-4881-951C-935A5755BF00}.Debug|x64.Deploy.0 = Debug|Any CPU
		{5EA9CE96-0821-4881-951C-935A5755BF00}.Debug|x86.ActiveCfg = Debug|Any CPU
		{5EA9CE96-0821-4881-951C-935A5755BF00}.Debug|x86.Build.0 = Debug|Any CPU
		{5EA9CE96-0821-4881-951C-935A5755BF00}.Debug|x86.Deploy.0 = Debug|Any CPU
		{5EA9CE96-0821-4881-951C-935A5755BF00}.Release|Any CPU.ActiveCfg = Release|Any CPU
		{5EA9CE96-0821-4881-951C-935A5755BF00}.Release|Any CPU.Build.0 = Release|Any CPU
		{5EA9CE96-0821-4881-951C-935A5755BF00}.Release|Any CPU.Deploy.0 = Release|Any CPU
		{5EA9CE96-0821-4881-951C-935A5755BF00}.Release|ARM.ActiveCfg = Release|Any CPU
		{5EA9CE96-0821-4881-951C-935A5755BF00}.Release|ARM.Build.0 = Release|Any CPU
		{5EA9CE96-0821-4881-951C-935A5755BF00}.Release|ARM.Deploy.0 = Release|Any CPU
		{5EA9CE96-0821-4881-951C-935A5755BF00}.Release|iPhone.ActiveCfg = Release|Any CPU
		{5EA9CE96-0821-4881-951C-935A5755BF00}.Release|iPhone.Build.0 = Release|Any CPU
		{5EA9CE96-0821-4881-951C-935A5755BF00}.Release|iPhone.Deploy.0 = Release|Any CPU
		{5EA9CE96-0821-4881-951C-935A5755BF00}.Release|iPhoneSimulator.ActiveCfg = Release|Any CPU
		{5EA9CE96-0821-4881-951C-935A5755BF00}.Release|iPhoneSimulator.Build.0 = Release|Any CPU
		{5EA9CE96-0821-4881-951C-935A5755BF00}.Release|iPhoneSimulator.Deploy.0 = Release|Any CPU
		{5EA9CE96-0821-4881-951C-935A5755BF00}.Release|x64.ActiveCfg = Release|Any CPU
		{5EA9CE96-0821-4881-951C-935A5755BF00}.Release|x64.Build.0 = Release|Any CPU
		{5EA9CE96-0821-4881-951C-935A5755BF00}.Release|x64.Deploy.0 = Release|Any CPU
		{5EA9CE96-0821-4881-951C-935A5755BF00}.Release|x86.ActiveCfg = Release|Any CPU
		{5EA9CE96-0821-4881-951C-935A5755BF00}.Release|x86.Build.0 = Release|Any CPU
		{5EA9CE96-0821-4881-951C-935A5755BF00}.Release|x86.Deploy.0 = Release|Any CPU
		{4EE1F4A6-17D2-4BCD-ADB7-39FEDF1DEAE4}.Debug|Any CPU.ActiveCfg = Debug|iPhone
		{4EE1F4A6-17D2-4BCD-ADB7-39FEDF1DEAE4}.Debug|ARM.ActiveCfg = Debug|iPhone
		{4EE1F4A6-17D2-4BCD-ADB7-39FEDF1DEAE4}.Debug|iPhone.ActiveCfg = Debug|iPhone
		{4EE1F4A6-17D2-4BCD-ADB7-39FEDF1DEAE4}.Debug|iPhone.Build.0 = Debug|iPhone
		{4EE1F4A6-17D2-4BCD-ADB7-39FEDF1DEAE4}.Debug|iPhoneSimulator.ActiveCfg = Debug|iPhoneSimulator
		{4EE1F4A6-17D2-4BCD-ADB7-39FEDF1DEAE4}.Debug|iPhoneSimulator.Build.0 = Debug|iPhoneSimulator
		{4EE1F4A6-17D2-4BCD-ADB7-39FEDF1DEAE4}.Debug|x64.ActiveCfg = Debug|iPhone
		{4EE1F4A6-17D2-4BCD-ADB7-39FEDF1DEAE4}.Debug|x86.ActiveCfg = Debug|iPhone
		{4EE1F4A6-17D2-4BCD-ADB7-39FEDF1DEAE4}.Release|Any CPU.ActiveCfg = Release|iPhone
		{4EE1F4A6-17D2-4BCD-ADB7-39FEDF1DEAE4}.Release|ARM.ActiveCfg = Release|iPhone
		{4EE1F4A6-17D2-4BCD-ADB7-39FEDF1DEAE4}.Release|iPhone.ActiveCfg = Release|iPhone
		{4EE1F4A6-17D2-4BCD-ADB7-39FEDF1DEAE4}.Release|iPhone.Build.0 = Release|iPhone
		{4EE1F4A6-17D2-4BCD-ADB7-39FEDF1DEAE4}.Release|iPhoneSimulator.ActiveCfg = Release|iPhoneSimulator
		{4EE1F4A6-17D2-4BCD-ADB7-39FEDF1DEAE4}.Release|iPhoneSimulator.Build.0 = Release|iPhoneSimulator
		{4EE1F4A6-17D2-4BCD-ADB7-39FEDF1DEAE4}.Release|x64.ActiveCfg = Release|iPhone
		{4EE1F4A6-17D2-4BCD-ADB7-39FEDF1DEAE4}.Release|x86.ActiveCfg = Release|iPhone
		{D76F9447-EF3B-4519-B6E0-C82D02E5BCF3}.Debug|Any CPU.ActiveCfg = Debug|Any CPU
		{D76F9447-EF3B-4519-B6E0-C82D02E5BCF3}.Debug|Any CPU.Build.0 = Debug|Any CPU
		{D76F9447-EF3B-4519-B6E0-C82D02E5BCF3}.Debug|ARM.ActiveCfg = Debug|Any CPU
		{D76F9447-EF3B-4519-B6E0-C82D02E5BCF3}.Debug|ARM.Build.0 = Debug|Any CPU
		{D76F9447-EF3B-4519-B6E0-C82D02E5BCF3}.Debug|iPhone.ActiveCfg = Debug|Any CPU
		{D76F9447-EF3B-4519-B6E0-C82D02E5BCF3}.Debug|iPhone.Build.0 = Debug|Any CPU
		{D76F9447-EF3B-4519-B6E0-C82D02E5BCF3}.Debug|iPhoneSimulator.ActiveCfg = Debug|Any CPU
		{D76F9447-EF3B-4519-B6E0-C82D02E5BCF3}.Debug|iPhoneSimulator.Build.0 = Debug|Any CPU
		{D76F9447-EF3B-4519-B6E0-C82D02E5BCF3}.Debug|x64.ActiveCfg = Debug|Any CPU
		{D76F9447-EF3B-4519-B6E0-C82D02E5BCF3}.Debug|x64.Build.0 = Debug|Any CPU
		{D76F9447-EF3B-4519-B6E0-C82D02E5BCF3}.Debug|x86.ActiveCfg = Debug|Any CPU
		{D76F9447-EF3B-4519-B6E0-C82D02E5BCF3}.Debug|x86.Build.0 = Debug|Any CPU
		{D76F9447-EF3B-4519-B6E0-C82D02E5BCF3}.Release|Any CPU.ActiveCfg = Release|Any CPU
		{D76F9447-EF3B-4519-B6E0-C82D02E5BCF3}.Release|Any CPU.Build.0 = Release|Any CPU
		{D76F9447-EF3B-4519-B6E0-C82D02E5BCF3}.Release|ARM.ActiveCfg = Release|Any CPU
		{D76F9447-EF3B-4519-B6E0-C82D02E5BCF3}.Release|ARM.Build.0 = Release|Any CPU
		{D76F9447-EF3B-4519-B6E0-C82D02E5BCF3}.Release|iPhone.ActiveCfg = Release|Any CPU
		{D76F9447-EF3B-4519-B6E0-C82D02E5BCF3}.Release|iPhone.Build.0 = Release|Any CPU
		{D76F9447-EF3B-4519-B6E0-C82D02E5BCF3}.Release|iPhoneSimulator.ActiveCfg = Release|Any CPU
		{D76F9447-EF3B-4519-B6E0-C82D02E5BCF3}.Release|iPhoneSimulator.Build.0 = Release|Any CPU
		{D76F9447-EF3B-4519-B6E0-C82D02E5BCF3}.Release|x64.ActiveCfg = Release|Any CPU
		{D76F9447-EF3B-4519-B6E0-C82D02E5BCF3}.Release|x64.Build.0 = Release|Any CPU
		{D76F9447-EF3B-4519-B6E0-C82D02E5BCF3}.Release|x86.ActiveCfg = Release|Any CPU
		{D76F9447-EF3B-4519-B6E0-C82D02E5BCF3}.Release|x86.Build.0 = Release|Any CPU
	EndGlobalSection
	GlobalSection(SolutionProperties) = preSolution
		HideSolutionNode = FALSE
	EndGlobalSection
	GlobalSection(NestedProjects) = preSolution
		{FC5D8DE4-3C7B-4976-BA9E-03565E260695} = {3D46D676-B5FC-4CED-BFED-217D7E6FB18A}
		{45FE43A6-DB28-4C19-97BF-7A80C7B4C402} = {3D46D676-B5FC-4CED-BFED-217D7E6FB18A}
		{3D46D676-B5FC-4CED-BFED-217D7E6FB18A} = {A3C15607-0D45-4B3B-9AC0-435947E929A9}
		{1B275E5C-0B6B-4722-96D3-3316D87DB3A3} = {A3C15607-0D45-4B3B-9AC0-435947E929A9}
		{43CE5505-DEAE-41CA-A04C-F8E17014C74E} = {1B275E5C-0B6B-4722-96D3-3316D87DB3A3}
		{5EA9CE96-0821-4881-951C-935A5755BF00} = {1B275E5C-0B6B-4722-96D3-3316D87DB3A3}
		{4EE1F4A6-17D2-4BCD-ADB7-39FEDF1DEAE4} = {1B275E5C-0B6B-4722-96D3-3316D87DB3A3}
		{D76F9447-EF3B-4519-B6E0-C82D02E5BCF3} = {1B275E5C-0B6B-4722-96D3-3316D87DB3A3}
	EndGlobalSection
	GlobalSection(ExtensibilityGlobals) = postSolution
		SolutionGuid = {DEE4AADC-41AD-4EAB-BB99-8E65FE0699AF}
	EndGlobalSection
EndGlobal
